
Microsoft Visual Studio Solution File, Format Version 12.00
# Visual Studio 15
VisualStudioVersion = 15.0.28307.106
MinimumVisualStudioVersion = 10.0.40219.1
Project("{2150E333-8FDC-42A3-9474-1A3956D46DE8}") = "_Documents", "_Documents", "{A0FD6732-32B9-4087-AF9F-75BFF5225BAB}"
EndProject
Project("{2150E333-8FDC-42A3-9474-1A3956D46DE8}") = "_Download", "_Download", "{84861D60-C38B-4DD5-9F3E-292A875A5ED9}"
EndProject
Project("{2150E333-8FDC-42A3-9474-1A3956D46DE8}") = "_References", "_References", "{3F7C80C7-8660-4A30-9B66-69F275AE616F}"
EndProject
Project("{2150E333-8FDC-42A3-9474-1A3956D46DE8}") = "Clients", "Clients", "{A1D6353E-4AEF-48A3-A987-99A8C0843CF5}"
EndProject
Project("{FAE04EC0-301F-11D3-BF4B-00C04F79EFBC}") = "MLTP.Clients.XamarinForms.Android", "Clients\MLTP.Clients.XamarinForms\MLTP.Clients.XamarinForms.Android\MLTP.Clients.XamarinForms.Android.csproj", "{7A8EE9B6-1B89-48BC-874F-C44B8C79E0DA}"
EndProject
Project("{FAE04EC0-301F-11D3-BF4B-00C04F79EFBC}") = "MLTP.Clients.XamarinForms.iOS", "Clients\MLTP.Clients.XamarinForms\MLTP.Clients.XamarinForms.iOS\MLTP.Clients.XamarinForms.iOS.csproj", "{EDA160AE-7DBA-4365-A4DB-64ECD777C7AA}"
EndProject
Project("{FAE04EC0-301F-11D3-BF4B-00C04F79EFBC}") = "MLTP.Clients.XamarinForms.UWP", "Clients\MLTP.Clients.XamarinForms\MLTP.Clients.XamarinForms.UWP\MLTP.Clients.XamarinForms.UWP.csproj", "{FDDCB980-F0BE-4C31-9674-0F387A6C8508}"
EndProject
Project("{9A19103F-16F7-4668-BE54-9A1E7A4F7556}") = "MLTP.Clients.XamarinForms", "Clients\MLTP.Clients.XamarinForms\MLTP.Clients.XamarinForms\MLTP.Clients.XamarinForms.csproj", "{31378089-44AB-422A-8CD2-0B74739CD5BC}"
EndProject
Project("{2150E333-8FDC-42A3-9474-1A3956D46DE8}") = "Infrastructure", "Infrastructure", "{A59E4B18-67C7-405D-85AB-DC39BB61301B}"
EndProject
Project("{9A19103F-16F7-4668-BE54-9A1E7A4F7556}") = "MLTP.Infrastructure.DataLibrary", "Infrastructure\MLTP.Infrastructure.DataLibrary\MLTP.Infrastructure.DataLibrary.csproj", "{A71B6498-BEF3-4974-9D18-CD5474833C54}"
EndProject
Project("{9A19103F-16F7-4668-BE54-9A1E7A4F7556}") = "MLTP.Infrastructure.DataModels", "Infrastructure\MLTP.Infrastructure.DataModels\MLTP.Infrastructure.DataModels.csproj", "{8E6404E6-E788-44D8-9769-602644AC7920}"
EndProject
Project("{9A19103F-16F7-4668-BE54-9A1E7A4F7556}") = "MLTP.Infrastructure.Queue", "Infrastructure\MLTP.Infrastructure.Queue\MLTP.Infrastructure.Queue.csproj", "{8737ADF6-8105-4471-8757-B273624C0629}"
EndProject
Project("{9A19103F-16F7-4668-BE54-9A1E7A4F7556}") = "MLTP.Infrastructure.Logging", "Infrastructure\MLTP.Infrastructure.Logging\MLTP.Infrastructure.Logging.csproj", "{40276E37-C552-444A-8A56-009F9EAD7443}"
EndProject
Project("{2150E333-8FDC-42A3-9474-1A3956D46DE8}") = "Jobs", "Jobs", "{161C2CCB-E62B-4A69-8435-6C087BDAB683}"
EndProject
Project("{2150E333-8FDC-42A3-9474-1A3956D46DE8}") = "Modules", "Modules", "{6C363055-59BC-4609-B61A-6D79AB193F41}"
EndProject
Project("{2150E333-8FDC-42A3-9474-1A3956D46DE8}") = "Services", "Services", "{F828ED6E-E85F-4B6E-A838-C91A5DF2212D}"
EndProject
Project("{9A19103F-16F7-4668-BE54-9A1E7A4F7556}") = "MLTP.Infrastructure.Security", "Infrastructure\MLTP.Infrastructure.Security\MLTP.Infrastructure.Security.csproj", "{A5C3F350-D9ED-4D96-846E-2F8A00CB55C6}"
EndProject
Project("{9A19103F-16F7-4668-BE54-9A1E7A4F7556}") = "MLTP.Services.ApiService", "Services\MLTP.Services.ApiService\MLTP.Services.ApiService.csproj", "{B7E0FC35-DD36-4A76-AE43-5327F16F1016}"
EndProject
Project("{2150E333-8FDC-42A3-9474-1A3956D46DE8}") = "Common", "Common", "{AD2974D8-E997-493F-9C99-CF9D40676CAE}"
EndProject
Project("{2150E333-8FDC-42A3-9474-1A3956D46DE8}") = "Menu", "Menu", "{89AECFAF-AE5A-40F0-AF7F-AF4D754980BE}"
EndProject
Project("{9A19103F-16F7-4668-BE54-9A1E7A4F7556}") = "MLTP.Services.ExternalApiService", "Services\MLTP.Services.ExternalApiService\MLTP.Services.ExternalApiService.csproj", "{8A00BB15-A108-42C9-8C9E-E2A5AA247D9A}"
EndProject
Project("{9A19103F-16F7-4668-BE54-9A1E7A4F7556}") = "MLTP.Modules.Common.Common", "Modules\MLTP.Modules.Common.Common\MLTP.Modules.Common.Common.csproj", "{1FAA8683-A8DA-4EA1-BACF-F3F4BACADDD5}"
EndProject
Project("{9A19103F-16F7-4668-BE54-9A1E7A4F7556}") = "MLTP.Infrastructure.MongoDB", "Infrastructure\MLTP.Infrastructure.MongoDB\MLTP.Infrastructure.MongoDB.csproj", "{836CF844-935C-42DA-8352-1008EB7B0C87}"
EndProject
Project("{9A19103F-16F7-4668-BE54-9A1E7A4F7556}") = "MLTP.Jobs.SmsConsumer", "Jobs\MLTP.Jobs.SmsConsumer\MLTP.Jobs.SmsConsumer.csproj", "{16FA5066-8697-4B86-8E95-AF4BBA02B07A}"
EndProject
Project("{9A19103F-16F7-4668-BE54-9A1E7A4F7556}") = "MLTP.Jobs.MailConsumer", "Jobs\MLTP.Jobs.MailConsumer\MLTP.Jobs.MailConsumer.csproj", "{9FDFCA0A-D503-4488-9F29-97994FC8D836}"
EndProject
Global
	GlobalSection(SolutionConfigurationPlatforms) = preSolution
		Ad-Hoc|Any CPU = Ad-Hoc|Any CPU
		Ad-Hoc|ARM = Ad-Hoc|ARM
		Ad-Hoc|iPhone = Ad-Hoc|iPhone
		Ad-Hoc|iPhoneSimulator = Ad-Hoc|iPhoneSimulator
		Ad-Hoc|x64 = Ad-Hoc|x64
		Ad-Hoc|x86 = Ad-Hoc|x86
		AppStore|Any CPU = AppStore|Any CPU
		AppStore|ARM = AppStore|ARM
		AppStore|iPhone = AppStore|iPhone
		AppStore|iPhoneSimulator = AppStore|iPhoneSimulator
		AppStore|x64 = AppStore|x64
		AppStore|x86 = AppStore|x86
		Debug|Any CPU = Debug|Any CPU
		Debug|ARM = Debug|ARM
		Debug|iPhone = Debug|iPhone
		Debug|iPhoneSimulator = Debug|iPhoneSimulator
		Debug|x64 = Debug|x64
		Debug|x86 = Debug|x86
		Release|Any CPU = Release|Any CPU
		Release|ARM = Release|ARM
		Release|iPhone = Release|iPhone
		Release|iPhoneSimulator = Release|iPhoneSimulator
		Release|x64 = Release|x64
		Release|x86 = Release|x86
	EndGlobalSection
	GlobalSection(ProjectConfigurationPlatforms) = postSolution
		{7A8EE9B6-1B89-48BC-874F-C44B8C79E0DA}.Ad-Hoc|Any CPU.ActiveCfg = Release|Any CPU
		{7A8EE9B6-1B89-48BC-874F-C44B8C79E0DA}.Ad-Hoc|Any CPU.Build.0 = Release|Any CPU
		{7A8EE9B6-1B89-48BC-874F-C44B8C79E0DA}.Ad-Hoc|Any CPU.Deploy.0 = Release|Any CPU
		{7A8EE9B6-1B89-48BC-874F-C44B8C79E0DA}.Ad-Hoc|ARM.ActiveCfg = Release|Any CPU
		{7A8EE9B6-1B89-48BC-874F-C44B8C79E0DA}.Ad-Hoc|ARM.Build.0 = Release|Any CPU
		{7A8EE9B6-1B89-48BC-874F-C44B8C79E0DA}.Ad-Hoc|ARM.Deploy.0 = Release|Any CPU
		{7A8EE9B6-1B89-48BC-874F-C44B8C79E0DA}.Ad-Hoc|iPhone.ActiveCfg = Release|Any CPU
		{7A8EE9B6-1B89-48BC-874F-C44B8C79E0DA}.Ad-Hoc|iPhone.Build.0 = Release|Any CPU
		{7A8EE9B6-1B89-48BC-874F-C44B8C79E0DA}.Ad-Hoc|iPhone.Deploy.0 = Release|Any CPU
		{7A8EE9B6-1B89-48BC-874F-C44B8C79E0DA}.Ad-Hoc|iPhoneSimulator.ActiveCfg = Release|Any CPU
		{7A8EE9B6-1B89-48BC-874F-C44B8C79E0DA}.Ad-Hoc|iPhoneSimulator.Build.0 = Release|Any CPU
		{7A8EE9B6-1B89-48BC-874F-C44B8C79E0DA}.Ad-Hoc|iPhoneSimulator.Deploy.0 = Release|Any CPU
		{7A8EE9B6-1B89-48BC-874F-C44B8C79E0DA}.Ad-Hoc|x64.ActiveCfg = Release|Any CPU
		{7A8EE9B6-1B89-48BC-874F-C44B8C79E0DA}.Ad-Hoc|x64.Build.0 = Release|Any CPU
		{7A8EE9B6-1B89-48BC-874F-C44B8C79E0DA}.Ad-Hoc|x64.Deploy.0 = Release|Any CPU
		{7A8EE9B6-1B89-48BC-874F-C44B8C79E0DA}.Ad-Hoc|x86.ActiveCfg = Release|Any CPU
		{7A8EE9B6-1B89-48BC-874F-C44B8C79E0DA}.Ad-Hoc|x86.Build.0 = Release|Any CPU
		{7A8EE9B6-1B89-48BC-874F-C44B8C79E0DA}.Ad-Hoc|x86.Deploy.0 = Release|Any CPU
		{7A8EE9B6-1B89-48BC-874F-C44B8C79E0DA}.AppStore|Any CPU.ActiveCfg = Release|Any CPU
		{7A8EE9B6-1B89-48BC-874F-C44B8C79E0DA}.AppStore|Any CPU.Build.0 = Release|Any CPU
		{7A8EE9B6-1B89-48BC-874F-C44B8C79E0DA}.AppStore|Any CPU.Deploy.0 = Release|Any CPU
		{7A8EE9B6-1B89-48BC-874F-C44B8C79E0DA}.AppStore|ARM.ActiveCfg = Release|Any CPU
		{7A8EE9B6-1B89-48BC-874F-C44B8C79E0DA}.AppStore|ARM.Build.0 = Release|Any CPU
		{7A8EE9B6-1B89-48BC-874F-C44B8C79E0DA}.AppStore|ARM.Deploy.0 = Release|Any CPU
		{7A8EE9B6-1B89-48BC-874F-C44B8C79E0DA}.AppStore|iPhone.ActiveCfg = Release|Any CPU
		{7A8EE9B6-1B89-48BC-874F-C44B8C79E0DA}.AppStore|iPhone.Build.0 = Release|Any CPU
		{7A8EE9B6-1B89-48BC-874F-C44B8C79E0DA}.AppStore|iPhone.Deploy.0 = Release|Any CPU
		{7A8EE9B6-1B89-48BC-874F-C44B8C79E0DA}.AppStore|iPhoneSimulator.ActiveCfg = Release|Any CPU
		{7A8EE9B6-1B89-48BC-874F-C44B8C79E0DA}.AppStore|iPhoneSimulator.Build.0 = Release|Any CPU
		{7A8EE9B6-1B89-48BC-874F-C44B8C79E0DA}.AppStore|iPhoneSimulator.Deploy.0 = Release|Any CPU
		{7A8EE9B6-1B89-48BC-874F-C44B8C79E0DA}.AppStore|x64.ActiveCfg = Release|Any CPU
		{7A8EE9B6-1B89-48BC-874F-C44B8C79E0DA}.AppStore|x64.Build.0 = Release|Any CPU
		{7A8EE9B6-1B89-48BC-874F-C44B8C79E0DA}.AppStore|x64.Deploy.0 = Release|Any CPU
		{7A8EE9B6-1B89-48BC-874F-C44B8C79E0DA}.AppStore|x86.ActiveCfg = Release|Any CPU
		{7A8EE9B6-1B89-48BC-874F-C44B8C79E0DA}.AppStore|x86.Build.0 = Release|Any CPU
		{7A8EE9B6-1B89-48BC-874F-C44B8C79E0DA}.AppStore|x86.Deploy.0 = Release|Any CPU
		{7A8EE9B6-1B89-48BC-874F-C44B8C79E0DA}.Debug|Any CPU.ActiveCfg = Debug|Any CPU
		{7A8EE9B6-1B89-48BC-874F-C44B8C79E0DA}.Debug|Any CPU.Build.0 = Debug|Any CPU
		{7A8EE9B6-1B89-48BC-874F-C44B8C79E0DA}.Debug|Any CPU.Deploy.0 = Debug|Any CPU
		{7A8EE9B6-1B89-48BC-874F-C44B8C79E0DA}.Debug|ARM.ActiveCfg = Debug|Any CPU
		{7A8EE9B6-1B89-48BC-874F-C44B8C79E0DA}.Debug|ARM.Build.0 = Debug|Any CPU
		{7A8EE9B6-1B89-48BC-874F-C44B8C79E0DA}.Debug|ARM.Deploy.0 = Debug|Any CPU
		{7A8EE9B6-1B89-48BC-874F-C44B8C79E0DA}.Debug|iPhone.ActiveCfg = Debug|Any CPU
		{7A8EE9B6-1B89-48BC-874F-C44B8C79E0DA}.Debug|iPhone.Build.0 = Debug|Any CPU
		{7A8EE9B6-1B89-48BC-874F-C44B8C79E0DA}.Debug|iPhone.Deploy.0 = Debug|Any CPU
		{7A8EE9B6-1B89-48BC-874F-C44B8C79E0DA}.Debug|iPhoneSimulator.ActiveCfg = Debug|Any CPU
		{7A8EE9B6-1B89-48BC-874F-C44B8C79E0DA}.Debug|iPhoneSimulator.Build.0 = Debug|Any CPU
		{7A8EE9B6-1B89-48BC-874F-C44B8C79E0DA}.Debug|iPhoneSimulator.Deploy.0 = Debug|Any CPU
		{7A8EE9B6-1B89-48BC-874F-C44B8C79E0DA}.Debug|x64.ActiveCfg = Debug|Any CPU
		{7A8EE9B6-1B89-48BC-874F-C44B8C79E0DA}.Debug|x64.Build.0 = Debug|Any CPU
		{7A8EE9B6-1B89-48BC-874F-C44B8C79E0DA}.Debug|x64.Deploy.0 = Debug|Any CPU
		{7A8EE9B6-1B89-48BC-874F-C44B8C79E0DA}.Debug|x86.ActiveCfg = Debug|Any CPU
		{7A8EE9B6-1B89-48BC-874F-C44B8C79E0DA}.Debug|x86.Build.0 = Debug|Any CPU
		{7A8EE9B6-1B89-48BC-874F-C44B8C79E0DA}.Debug|x86.Deploy.0 = Debug|Any CPU
		{7A8EE9B6-1B89-48BC-874F-C44B8C79E0DA}.Release|Any CPU.ActiveCfg = Release|Any CPU
		{7A8EE9B6-1B89-48BC-874F-C44B8C79E0DA}.Release|Any CPU.Build.0 = Release|Any CPU
		{7A8EE9B6-1B89-48BC-874F-C44B8C79E0DA}.Release|Any CPU.Deploy.0 = Release|Any CPU
		{7A8EE9B6-1B89-48BC-874F-C44B8C79E0DA}.Release|ARM.ActiveCfg = Release|Any CPU
		{7A8EE9B6-1B89-48BC-874F-C44B8C79E0DA}.Release|ARM.Build.0 = Release|Any CPU
		{7A8EE9B6-1B89-48BC-874F-C44B8C79E0DA}.Release|ARM.Deploy.0 = Release|Any CPU
		{7A8EE9B6-1B89-48BC-874F-C44B8C79E0DA}.Release|iPhone.ActiveCfg = Release|Any CPU
		{7A8EE9B6-1B89-48BC-874F-C44B8C79E0DA}.Release|iPhone.Build.0 = Release|Any CPU
		{7A8EE9B6-1B89-48BC-874F-C44B8C79E0DA}.Release|iPhone.Deploy.0 = Release|Any CPU
		{7A8EE9B6-1B89-48BC-874F-C44B8C79E0DA}.Release|iPhoneSimulator.ActiveCfg = Release|Any CPU
		{7A8EE9B6-1B89-48BC-874F-C44B8C79E0DA}.Release|iPhoneSimulator.Build.0 = Release|Any CPU
		{7A8EE9B6-1B89-48BC-874F-C44B8C79E0DA}.Release|iPhoneSimulator.Deploy.0 = Release|Any CPU
		{7A8EE9B6-1B89-48BC-874F-C44B8C79E0DA}.Release|x64.ActiveCfg = Release|Any CPU
		{7A8EE9B6-1B89-48BC-874F-C44B8C79E0DA}.Release|x64.Build.0 = Release|Any CPU
		{7A8EE9B6-1B89-48BC-874F-C44B8C79E0DA}.Release|x64.Deploy.0 = Release|Any CPU
		{7A8EE9B6-1B89-48BC-874F-C44B8C79E0DA}.Release|x86.ActiveCfg = Release|Any CPU
		{7A8EE9B6-1B89-48BC-874F-C44B8C79E0DA}.Release|x86.Build.0 = Release|Any CPU
		{7A8EE9B6-1B89-48BC-874F-C44B8C79E0DA}.Release|x86.Deploy.0 = Release|Any CPU
		{EDA160AE-7DBA-4365-A4DB-64ECD777C7AA}.Ad-Hoc|Any CPU.ActiveCfg = Ad-Hoc|iPhone
		{EDA160AE-7DBA-4365-A4DB-64ECD777C7AA}.Ad-Hoc|ARM.ActiveCfg = Ad-Hoc|iPhone
		{EDA160AE-7DBA-4365-A4DB-64ECD777C7AA}.Ad-Hoc|iPhone.ActiveCfg = Ad-Hoc|iPhone
		{EDA160AE-7DBA-4365-A4DB-64ECD777C7AA}.Ad-Hoc|iPhone.Build.0 = Ad-Hoc|iPhone
		{EDA160AE-7DBA-4365-A4DB-64ECD777C7AA}.Ad-Hoc|iPhoneSimulator.ActiveCfg = Ad-Hoc|iPhoneSimulator
		{EDA160AE-7DBA-4365-A4DB-64ECD777C7AA}.Ad-Hoc|iPhoneSimulator.Build.0 = Ad-Hoc|iPhoneSimulator
		{EDA160AE-7DBA-4365-A4DB-64ECD777C7AA}.Ad-Hoc|x64.ActiveCfg = Ad-Hoc|iPhone
		{EDA160AE-7DBA-4365-A4DB-64ECD777C7AA}.Ad-Hoc|x86.ActiveCfg = Ad-Hoc|iPhone
		{EDA160AE-7DBA-4365-A4DB-64ECD777C7AA}.AppStore|Any CPU.ActiveCfg = AppStore|iPhone
		{EDA160AE-7DBA-4365-A4DB-64ECD777C7AA}.AppStore|ARM.ActiveCfg = AppStore|iPhone
		{EDA160AE-7DBA-4365-A4DB-64ECD777C7AA}.AppStore|iPhone.ActiveCfg = AppStore|iPhone
		{EDA160AE-7DBA-4365-A4DB-64ECD777C7AA}.AppStore|iPhone.Build.0 = AppStore|iPhone
		{EDA160AE-7DBA-4365-A4DB-64ECD777C7AA}.AppStore|iPhoneSimulator.ActiveCfg = AppStore|iPhoneSimulator
		{EDA160AE-7DBA-4365-A4DB-64ECD777C7AA}.AppStore|iPhoneSimulator.Build.0 = AppStore|iPhoneSimulator
		{EDA160AE-7DBA-4365-A4DB-64ECD777C7AA}.AppStore|x64.ActiveCfg = AppStore|iPhone
		{EDA160AE-7DBA-4365-A4DB-64ECD777C7AA}.AppStore|x86.ActiveCfg = AppStore|iPhone
		{EDA160AE-7DBA-4365-A4DB-64ECD777C7AA}.Debug|Any CPU.ActiveCfg = Debug|iPhone
		{EDA160AE-7DBA-4365-A4DB-64ECD777C7AA}.Debug|ARM.ActiveCfg = Debug|iPhone
		{EDA160AE-7DBA-4365-A4DB-64ECD777C7AA}.Debug|iPhone.ActiveCfg = Debug|iPhone
		{EDA160AE-7DBA-4365-A4DB-64ECD777C7AA}.Debug|iPhone.Build.0 = Debug|iPhone
		{EDA160AE-7DBA-4365-A4DB-64ECD777C7AA}.Debug|iPhoneSimulator.ActiveCfg = Debug|iPhoneSimulator
		{EDA160AE-7DBA-4365-A4DB-64ECD777C7AA}.Debug|iPhoneSimulator.Build.0 = Debug|iPhoneSimulator
		{EDA160AE-7DBA-4365-A4DB-64ECD777C7AA}.Debug|x64.ActiveCfg = Debug|iPhone
		{EDA160AE-7DBA-4365-A4DB-64ECD777C7AA}.Debug|x86.ActiveCfg = Debug|iPhone
		{EDA160AE-7DBA-4365-A4DB-64ECD777C7AA}.Release|Any CPU.ActiveCfg = Release|iPhone
		{EDA160AE-7DBA-4365-A4DB-64ECD777C7AA}.Release|ARM.ActiveCfg = Release|iPhone
		{EDA160AE-7DBA-4365-A4DB-64ECD777C7AA}.Release|iPhone.ActiveCfg = Release|iPhone
		{EDA160AE-7DBA-4365-A4DB-64ECD777C7AA}.Release|iPhone.Build.0 = Release|iPhone
		{EDA160AE-7DBA-4365-A4DB-64ECD777C7AA}.Release|iPhoneSimulator.ActiveCfg = Release|iPhoneSimulator
		{EDA160AE-7DBA-4365-A4DB-64ECD777C7AA}.Release|iPhoneSimulator.Build.0 = Release|iPhoneSimulator
		{EDA160AE-7DBA-4365-A4DB-64ECD777C7AA}.Release|x64.ActiveCfg = Release|iPhone
		{EDA160AE-7DBA-4365-A4DB-64ECD777C7AA}.Release|x86.ActiveCfg = Release|iPhone
		{FDDCB980-F0BE-4C31-9674-0F387A6C8508}.Ad-Hoc|Any CPU.ActiveCfg = Release|x86
		{FDDCB980-F0BE-4C31-9674-0F387A6C8508}.Ad-Hoc|Any CPU.Build.0 = Release|x86
		{FDDCB980-F0BE-4C31-9674-0F387A6C8508}.Ad-Hoc|Any CPU.Deploy.0 = Release|x86
		{FDDCB980-F0BE-4C31-9674-0F387A6C8508}.Ad-Hoc|ARM.ActiveCfg = Release|ARM
		{FDDCB980-F0BE-4C31-9674-0F387A6C8508}.Ad-Hoc|ARM.Build.0 = Release|ARM
		{FDDCB980-F0BE-4C31-9674-0F387A6C8508}.Ad-Hoc|ARM.Deploy.0 = Release|ARM
		{FDDCB980-F0BE-4C31-9674-0F387A6C8508}.Ad-Hoc|iPhone.ActiveCfg = Release|x86
		{FDDCB980-F0BE-4C31-9674-0F387A6C8508}.Ad-Hoc|iPhone.Build.0 = Release|x86
		{FDDCB980-F0BE-4C31-9674-0F387A6C8508}.Ad-Hoc|iPhone.Deploy.0 = Release|x86
		{FDDCB980-F0BE-4C31-9674-0F387A6C8508}.Ad-Hoc|iPhoneSimulator.ActiveCfg = Release|x86
		{FDDCB980-F0BE-4C31-9674-0F387A6C8508}.Ad-Hoc|iPhoneSimulator.Build.0 = Release|x86
		{FDDCB980-F0BE-4C31-9674-0F387A6C8508}.Ad-Hoc|iPhoneSimulator.Deploy.0 = Release|x86
		{FDDCB980-F0BE-4C31-9674-0F387A6C8508}.Ad-Hoc|x64.ActiveCfg = Release|x64
		{FDDCB980-F0BE-4C31-9674-0F387A6C8508}.Ad-Hoc|x64.Build.0 = Release|x64
		{FDDCB980-F0BE-4C31-9674-0F387A6C8508}.Ad-Hoc|x64.Deploy.0 = Release|x64
		{FDDCB980-F0BE-4C31-9674-0F387A6C8508}.Ad-Hoc|x86.ActiveCfg = Release|x86
		{FDDCB980-F0BE-4C31-9674-0F387A6C8508}.Ad-Hoc|x86.Build.0 = Release|x86
		{FDDCB980-F0BE-4C31-9674-0F387A6C8508}.Ad-Hoc|x86.Deploy.0 = Release|x86
		{FDDCB980-F0BE-4C31-9674-0F387A6C8508}.AppStore|Any CPU.ActiveCfg = Release|x86
		{FDDCB980-F0BE-4C31-9674-0F387A6C8508}.AppStore|Any CPU.Build.0 = Release|x86
		{FDDCB980-F0BE-4C31-9674-0F387A6C8508}.AppStore|Any CPU.Deploy.0 = Release|x86
		{FDDCB980-F0BE-4C31-9674-0F387A6C8508}.AppStore|ARM.ActiveCfg = Release|ARM
		{FDDCB980-F0BE-4C31-9674-0F387A6C8508}.AppStore|ARM.Build.0 = Release|ARM
		{FDDCB980-F0BE-4C31-9674-0F387A6C8508}.AppStore|ARM.Deploy.0 = Release|ARM
		{FDDCB980-F0BE-4C31-9674-0F387A6C8508}.AppStore|iPhone.ActiveCfg = Release|x86
		{FDDCB980-F0BE-4C31-9674-0F387A6C8508}.AppStore|iPhone.Build.0 = Release|x86
		{FDDCB980-F0BE-4C31-9674-0F387A6C8508}.AppStore|iPhone.Deploy.0 = Release|x86
		{FDDCB980-F0BE-4C31-9674-0F387A6C8508}.AppStore|iPhoneSimulator.ActiveCfg = Release|x86
		{FDDCB980-F0BE-4C31-9674-0F387A6C8508}.AppStore|iPhoneSimulator.Build.0 = Release|x86
		{FDDCB980-F0BE-4C31-9674-0F387A6C8508}.AppStore|iPhoneSimulator.Deploy.0 = Release|x86
		{FDDCB980-F0BE-4C31-9674-0F387A6C8508}.AppStore|x64.ActiveCfg = Release|x64
		{FDDCB980-F0BE-4C31-9674-0F387A6C8508}.AppStore|x64.Build.0 = Release|x64
		{FDDCB980-F0BE-4C31-9674-0F387A6C8508}.AppStore|x64.Deploy.0 = Release|x64
		{FDDCB980-F0BE-4C31-9674-0F387A6C8508}.AppStore|x86.ActiveCfg = Release|x86
		{FDDCB980-F0BE-4C31-9674-0F387A6C8508}.AppStore|x86.Build.0 = Release|x86
		{FDDCB980-F0BE-4C31-9674-0F387A6C8508}.AppStore|x86.Deploy.0 = Release|x86
		{FDDCB980-F0BE-4C31-9674-0F387A6C8508}.Debug|Any CPU.ActiveCfg = Debug|x86
		{FDDCB980-F0BE-4C31-9674-0F387A6C8508}.Debug|ARM.ActiveCfg = Debug|ARM
		{FDDCB980-F0BE-4C31-9674-0F387A6C8508}.Debug|ARM.Build.0 = Debug|ARM
		{FDDCB980-F0BE-4C31-9674-0F387A6C8508}.Debug|ARM.Deploy.0 = Debug|ARM
		{FDDCB980-F0BE-4C31-9674-0F387A6C8508}.Debug|iPhone.ActiveCfg = Debug|x86
		{FDDCB980-F0BE-4C31-9674-0F387A6C8508}.Debug|iPhoneSimulator.ActiveCfg = Debug|x86
		{FDDCB980-F0BE-4C31-9674-0F387A6C8508}.Debug|x64.ActiveCfg = Debug|x64
		{FDDCB980-F0BE-4C31-9674-0F387A6C8508}.Debug|x64.Build.0 = Debug|x64
		{FDDCB980-F0BE-4C31-9674-0F387A6C8508}.Debug|x64.Deploy.0 = Debug|x64
		{FDDCB980-F0BE-4C31-9674-0F387A6C8508}.Debug|x86.ActiveCfg = Debug|x86
		{FDDCB980-F0BE-4C31-9674-0F387A6C8508}.Debug|x86.Build.0 = Debug|x86
		{FDDCB980-F0BE-4C31-9674-0F387A6C8508}.Debug|x86.Deploy.0 = Debug|x86
		{FDDCB980-F0BE-4C31-9674-0F387A6C8508}.Release|Any CPU.ActiveCfg = Release|x86
		{FDDCB980-F0BE-4C31-9674-0F387A6C8508}.Release|ARM.ActiveCfg = Release|ARM
		{FDDCB980-F0BE-4C31-9674-0F387A6C8508}.Release|ARM.Build.0 = Release|ARM
		{FDDCB980-F0BE-4C31-9674-0F387A6C8508}.Release|ARM.Deploy.0 = Release|ARM
		{FDDCB980-F0BE-4C31-9674-0F387A6C8508}.Release|iPhone.ActiveCfg = Release|x86
		{FDDCB980-F0BE-4C31-9674-0F387A6C8508}.Release|iPhoneSimulator.ActiveCfg = Release|x86
		{FDDCB980-F0BE-4C31-9674-0F387A6C8508}.Release|x64.ActiveCfg = Release|x64
		{FDDCB980-F0BE-4C31-9674-0F387A6C8508}.Release|x64.Build.0 = Release|x64
		{FDDCB980-F0BE-4C31-9674-0F387A6C8508}.Release|x64.Deploy.0 = Release|x64
		{FDDCB980-F0BE-4C31-9674-0F387A6C8508}.Release|x86.ActiveCfg = Release|x86
		{FDDCB980-F0BE-4C31-9674-0F387A6C8508}.Release|x86.Build.0 = Release|x86
		{FDDCB980-F0BE-4C31-9674-0F387A6C8508}.Release|x86.Deploy.0 = Release|x86
		{31378089-44AB-422A-8CD2-0B74739CD5BC}.Ad-Hoc|Any CPU.ActiveCfg = Debug|Any CPU
		{31378089-44AB-422A-8CD2-0B74739CD5BC}.Ad-Hoc|Any CPU.Build.0 = Debug|Any CPU
		{31378089-44AB-422A-8CD2-0B74739CD5BC}.Ad-Hoc|ARM.ActiveCfg = Debug|Any CPU
		{31378089-44AB-422A-8CD2-0B74739CD5BC}.Ad-Hoc|ARM.Build.0 = Debug|Any CPU
		{31378089-44AB-422A-8CD2-0B74739CD5BC}.Ad-Hoc|iPhone.ActiveCfg = Debug|Any CPU
		{31378089-44AB-422A-8CD2-0B74739CD5BC}.Ad-Hoc|iPhone.Build.0 = Debug|Any CPU
		{31378089-44AB-422A-8CD2-0B74739CD5BC}.Ad-Hoc|iPhoneSimulator.ActiveCfg = Debug|Any CPU
		{31378089-44AB-422A-8CD2-0B74739CD5BC}.Ad-Hoc|iPhoneSimulator.Build.0 = Debug|Any CPU
		{31378089-44AB-422A-8CD2-0B74739CD5BC}.Ad-Hoc|x64.ActiveCfg = Debug|Any CPU
		{31378089-44AB-422A-8CD2-0B74739CD5BC}.Ad-Hoc|x64.Build.0 = Debug|Any CPU
		{31378089-44AB-422A-8CD2-0B74739CD5BC}.Ad-Hoc|x86.ActiveCfg = Debug|Any CPU
		{31378089-44AB-422A-8CD2-0B74739CD5BC}.Ad-Hoc|x86.Build.0 = Debug|Any CPU
		{31378089-44AB-422A-8CD2-0B74739CD5BC}.AppStore|Any CPU.ActiveCfg = Debug|Any CPU
		{31378089-44AB-422A-8CD2-0B74739CD5BC}.AppStore|Any CPU.Build.0 = Debug|Any CPU
		{31378089-44AB-422A-8CD2-0B74739CD5BC}.AppStore|ARM.ActiveCfg = Debug|Any CPU
		{31378089-44AB-422A-8CD2-0B74739CD5BC}.AppStore|ARM.Build.0 = Debug|Any CPU
		{31378089-44AB-422A-8CD2-0B74739CD5BC}.AppStore|iPhone.ActiveCfg = Debug|Any CPU
		{31378089-44AB-422A-8CD2-0B74739CD5BC}.AppStore|iPhone.Build.0 = Debug|Any CPU
		{31378089-44AB-422A-8CD2-0B74739CD5BC}.AppStore|iPhoneSimulator.ActiveCfg = Debug|Any CPU
		{31378089-44AB-422A-8CD2-0B74739CD5BC}.AppStore|iPhoneSimulator.Build.0 = Debug|Any CPU
		{31378089-44AB-422A-8CD2-0B74739CD5BC}.AppStore|x64.ActiveCfg = Debug|Any CPU
		{31378089-44AB-422A-8CD2-0B74739CD5BC}.AppStore|x64.Build.0 = Debug|Any CPU
		{31378089-44AB-422A-8CD2-0B74739CD5BC}.AppStore|x86.ActiveCfg = Debug|Any CPU
		{31378089-44AB-422A-8CD2-0B74739CD5BC}.AppStore|x86.Build.0 = Debug|Any CPU
		{31378089-44AB-422A-8CD2-0B74739CD5BC}.Debug|Any CPU.ActiveCfg = Debug|Any CPU
		{31378089-44AB-422A-8CD2-0B74739CD5BC}.Debug|Any CPU.Build.0 = Debug|Any CPU
		{31378089-44AB-422A-8CD2-0B74739CD5BC}.Debug|ARM.ActiveCfg = Debug|Any CPU
		{31378089-44AB-422A-8CD2-0B74739CD5BC}.Debug|ARM.Build.0 = Debug|Any CPU
		{31378089-44AB-422A-8CD2-0B74739CD5BC}.Debug|iPhone.ActiveCfg = Debug|Any CPU
		{31378089-44AB-422A-8CD2-0B74739CD5BC}.Debug|iPhone.Build.0 = Debug|Any CPU
		{31378089-44AB-422A-8CD2-0B74739CD5BC}.Debug|iPhoneSimulator.ActiveCfg = Debug|Any CPU
		{31378089-44AB-422A-8CD2-0B74739CD5BC}.Debug|iPhoneSimulator.Build.0 = Debug|Any CPU
		{31378089-44AB-422A-8CD2-0B74739CD5BC}.Debug|x64.ActiveCfg = Debug|Any CPU
		{31378089-44AB-422A-8CD2-0B74739CD5BC}.Debug|x64.Build.0 = Debug|Any CPU
		{31378089-44AB-422A-8CD2-0B74739CD5BC}.Debug|x86.ActiveCfg = Debug|Any CPU
		{31378089-44AB-422A-8CD2-0B74739CD5BC}.Debug|x86.Build.0 = Debug|Any CPU
		{31378089-44AB-422A-8CD2-0B74739CD5BC}.Release|Any CPU.ActiveCfg = Release|Any CPU
		{31378089-44AB-422A-8CD2-0B74739CD5BC}.Release|Any CPU.Build.0 = Release|Any CPU
		{31378089-44AB-422A-8CD2-0B74739CD5BC}.Release|ARM.ActiveCfg = Release|Any CPU
		{31378089-44AB-422A-8CD2-0B74739CD5BC}.Release|ARM.Build.0 = Release|Any CPU
		{31378089-44AB-422A-8CD2-0B74739CD5BC}.Release|iPhone.ActiveCfg = Release|Any CPU
		{31378089-44AB-422A-8CD2-0B74739CD5BC}.Release|iPhone.Build.0 = Release|Any CPU
		{31378089-44AB-422A-8CD2-0B74739CD5BC}.Release|iPhoneSimulator.ActiveCfg = Release|Any CPU
		{31378089-44AB-422A-8CD2-0B74739CD5BC}.Release|iPhoneSimulator.Build.0 = Release|Any CPU
		{31378089-44AB-422A-8CD2-0B74739CD5BC}.Release|x64.ActiveCfg = Release|Any CPU
		{31378089-44AB-422A-8CD2-0B74739CD5BC}.Release|x64.Build.0 = Release|Any CPU
		{31378089-44AB-422A-8CD2-0B74739CD5BC}.Release|x86.ActiveCfg = Release|Any CPU
		{31378089-44AB-422A-8CD2-0B74739CD5BC}.Release|x86.Build.0 = Release|Any CPU
		{A71B6498-BEF3-4974-9D18-CD5474833C54}.Ad-Hoc|Any CPU.ActiveCfg = Debug|Any CPU
		{A71B6498-BEF3-4974-9D18-CD5474833C54}.Ad-Hoc|Any CPU.Build.0 = Debug|Any CPU
		{A71B6498-BEF3-4974-9D18-CD5474833C54}.Ad-Hoc|ARM.ActiveCfg = Debug|Any CPU
		{A71B6498-BEF3-4974-9D18-CD5474833C54}.Ad-Hoc|ARM.Build.0 = Debug|Any CPU
		{A71B6498-BEF3-4974-9D18-CD5474833C54}.Ad-Hoc|iPhone.ActiveCfg = Debug|Any CPU
		{A71B6498-BEF3-4974-9D18-CD5474833C54}.Ad-Hoc|iPhone.Build.0 = Debug|Any CPU
		{A71B6498-BEF3-4974-9D18-CD5474833C54}.Ad-Hoc|iPhoneSimulator.ActiveCfg = Debug|Any CPU
		{A71B6498-BEF3-4974-9D18-CD5474833C54}.Ad-Hoc|iPhoneSimulator.Build.0 = Debug|Any CPU
		{A71B6498-BEF3-4974-9D18-CD5474833C54}.Ad-Hoc|x64.ActiveCfg = Debug|Any CPU
		{A71B6498-BEF3-4974-9D18-CD5474833C54}.Ad-Hoc|x64.Build.0 = Debug|Any CPU
		{A71B6498-BEF3-4974-9D18-CD5474833C54}.Ad-Hoc|x86.ActiveCfg = Debug|Any CPU
		{A71B6498-BEF3-4974-9D18-CD5474833C54}.Ad-Hoc|x86.Build.0 = Debug|Any CPU
		{A71B6498-BEF3-4974-9D18-CD5474833C54}.AppStore|Any CPU.ActiveCfg = Debug|Any CPU
		{A71B6498-BEF3-4974-9D18-CD5474833C54}.AppStore|Any CPU.Build.0 = Debug|Any CPU
		{A71B6498-BEF3-4974-9D18-CD5474833C54}.AppStore|ARM.ActiveCfg = Debug|Any CPU
		{A71B6498-BEF3-4974-9D18-CD5474833C54}.AppStore|ARM.Build.0 = Debug|Any CPU
		{A71B6498-BEF3-4974-9D18-CD5474833C54}.AppStore|iPhone.ActiveCfg = Debug|Any CPU
		{A71B6498-BEF3-4974-9D18-CD5474833C54}.AppStore|iPhone.Build.0 = Debug|Any CPU
		{A71B6498-BEF3-4974-9D18-CD5474833C54}.AppStore|iPhoneSimulator.ActiveCfg = Debug|Any CPU
		{A71B6498-BEF3-4974-9D18-CD5474833C54}.AppStore|iPhoneSimulator.Build.0 = Debug|Any CPU
		{A71B6498-BEF3-4974-9D18-CD5474833C54}.AppStore|x64.ActiveCfg = Debug|Any CPU
		{A71B6498-BEF3-4974-9D18-CD5474833C54}.AppStore|x64.Build.0 = Debug|Any CPU
		{A71B6498-BEF3-4974-9D18-CD5474833C54}.AppStore|x86.ActiveCfg = Debug|Any CPU
		{A71B6498-BEF3-4974-9D18-CD5474833C54}.AppStore|x86.Build.0 = Debug|Any CPU
		{A71B6498-BEF3-4974-9D18-CD5474833C54}.Debug|Any CPU.ActiveCfg = Debug|Any CPU
		{A71B6498-BEF3-4974-9D18-CD5474833C54}.Debug|Any CPU.Build.0 = Debug|Any CPU
		{A71B6498-BEF3-4974-9D18-CD5474833C54}.Debug|ARM.ActiveCfg = Debug|Any CPU
		{A71B6498-BEF3-4974-9D18-CD5474833C54}.Debug|ARM.Build.0 = Debug|Any CPU
		{A71B6498-BEF3-4974-9D18-CD5474833C54}.Debug|iPhone.ActiveCfg = Debug|Any CPU
		{A71B6498-BEF3-4974-9D18-CD5474833C54}.Debug|iPhone.Build.0 = Debug|Any CPU
		{A71B6498-BEF3-4974-9D18-CD5474833C54}.Debug|iPhoneSimulator.ActiveCfg = Debug|Any CPU
		{A71B6498-BEF3-4974-9D18-CD5474833C54}.Debug|iPhoneSimulator.Build.0 = Debug|Any CPU
		{A71B6498-BEF3-4974-9D18-CD5474833C54}.Debug|x64.ActiveCfg = Debug|Any CPU
		{A71B6498-BEF3-4974-9D18-CD5474833C54}.Debug|x64.Build.0 = Debug|Any CPU
		{A71B6498-BEF3-4974-9D18-CD5474833C54}.Debug|x86.ActiveCfg = Debug|Any CPU
		{A71B6498-BEF3-4974-9D18-CD5474833C54}.Debug|x86.Build.0 = Debug|Any CPU
		{A71B6498-BEF3-4974-9D18-CD5474833C54}.Release|Any CPU.ActiveCfg = Release|Any CPU
		{A71B6498-BEF3-4974-9D18-CD5474833C54}.Release|Any CPU.Build.0 = Release|Any CPU
		{A71B6498-BEF3-4974-9D18-CD5474833C54}.Release|ARM.ActiveCfg = Release|Any CPU
		{A71B6498-BEF3-4974-9D18-CD5474833C54}.Release|ARM.Build.0 = Release|Any CPU
		{A71B6498-BEF3-4974-9D18-CD5474833C54}.Release|iPhone.ActiveCfg = Release|Any CPU
		{A71B6498-BEF3-4974-9D18-CD5474833C54}.Release|iPhone.Build.0 = Release|Any CPU
		{A71B6498-BEF3-4974-9D18-CD5474833C54}.Release|iPhoneSimulator.ActiveCfg = Release|Any CPU
		{A71B6498-BEF3-4974-9D18-CD5474833C54}.Release|iPhoneSimulator.Build.0 = Release|Any CPU
		{A71B6498-BEF3-4974-9D18-CD5474833C54}.Release|x64.ActiveCfg = Release|Any CPU
		{A71B6498-BEF3-4974-9D18-CD5474833C54}.Release|x64.Build.0 = Release|Any CPU
		{A71B6498-BEF3-4974-9D18-CD5474833C54}.Release|x86.ActiveCfg = Release|Any CPU
		{A71B6498-BEF3-4974-9D18-CD5474833C54}.Release|x86.Build.0 = Release|Any CPU
		{8E6404E6-E788-44D8-9769-602644AC7920}.Ad-Hoc|Any CPU.ActiveCfg = Debug|Any CPU
		{8E6404E6-E788-44D8-9769-602644AC7920}.Ad-Hoc|Any CPU.Build.0 = Debug|Any CPU
		{8E6404E6-E788-44D8-9769-602644AC7920}.Ad-Hoc|ARM.ActiveCfg = Debug|Any CPU
		{8E6404E6-E788-44D8-9769-602644AC7920}.Ad-Hoc|ARM.Build.0 = Debug|Any CPU
		{8E6404E6-E788-44D8-9769-602644AC7920}.Ad-Hoc|iPhone.ActiveCfg = Debug|Any CPU
		{8E6404E6-E788-44D8-9769-602644AC7920}.Ad-Hoc|iPhone.Build.0 = Debug|Any CPU
		{8E6404E6-E788-44D8-9769-602644AC7920}.Ad-Hoc|iPhoneSimulator.ActiveCfg = Debug|Any CPU
		{8E6404E6-E788-44D8-9769-602644AC7920}.Ad-Hoc|iPhoneSimulator.Build.0 = Debug|Any CPU
		{8E6404E6-E788-44D8-9769-602644AC7920}.Ad-Hoc|x64.ActiveCfg = Debug|Any CPU
		{8E6404E6-E788-44D8-9769-602644AC7920}.Ad-Hoc|x64.Build.0 = Debug|Any CPU
		{8E6404E6-E788-44D8-9769-602644AC7920}.Ad-Hoc|x86.ActiveCfg = Debug|Any CPU
		{8E6404E6-E788-44D8-9769-602644AC7920}.Ad-Hoc|x86.Build.0 = Debug|Any CPU
		{8E6404E6-E788-44D8-9769-602644AC7920}.AppStore|Any CPU.ActiveCfg = Debug|Any CPU
		{8E6404E6-E788-44D8-9769-602644AC7920}.AppStore|Any CPU.Build.0 = Debug|Any CPU
		{8E6404E6-E788-44D8-9769-602644AC7920}.AppStore|ARM.ActiveCfg = Debug|Any CPU
		{8E6404E6-E788-44D8-9769-602644AC7920}.AppStore|ARM.Build.0 = Debug|Any CPU
		{8E6404E6-E788-44D8-9769-602644AC7920}.AppStore|iPhone.ActiveCfg = Debug|Any CPU
		{8E6404E6-E788-44D8-9769-602644AC7920}.AppStore|iPhone.Build.0 = Debug|Any CPU
		{8E6404E6-E788-44D8-9769-602644AC7920}.AppStore|iPhoneSimulator.ActiveCfg = Debug|Any CPU
		{8E6404E6-E788-44D8-9769-602644AC7920}.AppStore|iPhoneSimulator.Build.0 = Debug|Any CPU
		{8E6404E6-E788-44D8-9769-602644AC7920}.AppStore|x64.ActiveCfg = Debug|Any CPU
		{8E6404E6-E788-44D8-9769-602644AC7920}.AppStore|x64.Build.0 = Debug|Any CPU
		{8E6404E6-E788-44D8-9769-602644AC7920}.AppStore|x86.ActiveCfg = Debug|Any CPU
		{8E6404E6-E788-44D8-9769-602644AC7920}.AppStore|x86.Build.0 = Debug|Any CPU
		{8E6404E6-E788-44D8-9769-602644AC7920}.Debug|Any CPU.ActiveCfg = Debug|Any CPU
		{8E6404E6-E788-44D8-9769-602644AC7920}.Debug|Any CPU.Build.0 = Debug|Any CPU
		{8E6404E6-E788-44D8-9769-602644AC7920}.Debug|ARM.ActiveCfg = Debug|Any CPU
		{8E6404E6-E788-44D8-9769-602644AC7920}.Debug|ARM.Build.0 = Debug|Any CPU
		{8E6404E6-E788-44D8-9769-602644AC7920}.Debug|iPhone.ActiveCfg = Debug|Any CPU
		{8E6404E6-E788-44D8-9769-602644AC7920}.Debug|iPhone.Build.0 = Debug|Any CPU
		{8E6404E6-E788-44D8-9769-602644AC7920}.Debug|iPhoneSimulator.ActiveCfg = Debug|Any CPU
		{8E6404E6-E788-44D8-9769-602644AC7920}.Debug|iPhoneSimulator.Build.0 = Debug|Any CPU
		{8E6404E6-E788-44D8-9769-602644AC7920}.Debug|x64.ActiveCfg = Debug|Any CPU
		{8E6404E6-E788-44D8-9769-602644AC7920}.Debug|x64.Build.0 = Debug|Any CPU
		{8E6404E6-E788-44D8-9769-602644AC7920}.Debug|x86.ActiveCfg = Debug|Any CPU
		{8E6404E6-E788-44D8-9769-602644AC7920}.Debug|x86.Build.0 = Debug|Any CPU
		{8E6404E6-E788-44D8-9769-602644AC7920}.Release|Any CPU.ActiveCfg = Release|Any CPU
		{8E6404E6-E788-44D8-9769-602644AC7920}.Release|Any CPU.Build.0 = Release|Any CPU
		{8E6404E6-E788-44D8-9769-602644AC7920}.Release|ARM.ActiveCfg = Release|Any CPU
		{8E6404E6-E788-44D8-9769-602644AC7920}.Release|ARM.Build.0 = Release|Any CPU
		{8E6404E6-E788-44D8-9769-602644AC7920}.Release|iPhone.ActiveCfg = Release|Any CPU
		{8E6404E6-E788-44D8-9769-602644AC7920}.Release|iPhone.Build.0 = Release|Any CPU
		{8E6404E6-E788-44D8-9769-602644AC7920}.Release|iPhoneSimulator.ActiveCfg = Release|Any CPU
		{8E6404E6-E788-44D8-9769-602644AC7920}.Release|iPhoneSimulator.Build.0 = Release|Any CPU
		{8E6404E6-E788-44D8-9769-602644AC7920}.Release|x64.ActiveCfg = Release|Any CPU
		{8E6404E6-E788-44D8-9769-602644AC7920}.Release|x64.Build.0 = Release|Any CPU
		{8E6404E6-E788-44D8-9769-602644AC7920}.Release|x86.ActiveCfg = Release|Any CPU
		{8E6404E6-E788-44D8-9769-602644AC7920}.Release|x86.Build.0 = Release|Any CPU
		{8737ADF6-8105-4471-8757-B273624C0629}.Ad-Hoc|Any CPU.ActiveCfg = Debug|Any CPU
		{8737ADF6-8105-4471-8757-B273624C0629}.Ad-Hoc|Any CPU.Build.0 = Debug|Any CPU
		{8737ADF6-8105-4471-8757-B273624C0629}.Ad-Hoc|ARM.ActiveCfg = Debug|Any CPU
		{8737ADF6-8105-4471-8757-B273624C0629}.Ad-Hoc|ARM.Build.0 = Debug|Any CPU
		{8737ADF6-8105-4471-8757-B273624C0629}.Ad-Hoc|iPhone.ActiveCfg = Debug|Any CPU
		{8737ADF6-8105-4471-8757-B273624C0629}.Ad-Hoc|iPhone.Build.0 = Debug|Any CPU
		{8737ADF6-8105-4471-8757-B273624C0629}.Ad-Hoc|iPhoneSimulator.ActiveCfg = Debug|Any CPU
		{8737ADF6-8105-4471-8757-B273624C0629}.Ad-Hoc|iPhoneSimulator.Build.0 = Debug|Any CPU
		{8737ADF6-8105-4471-8757-B273624C0629}.Ad-Hoc|x64.ActiveCfg = Debug|Any CPU
		{8737ADF6-8105-4471-8757-B273624C0629}.Ad-Hoc|x64.Build.0 = Debug|Any CPU
		{8737ADF6-8105-4471-8757-B273624C0629}.Ad-Hoc|x86.ActiveCfg = Debug|Any CPU
		{8737ADF6-8105-4471-8757-B273624C0629}.Ad-Hoc|x86.Build.0 = Debug|Any CPU
		{8737ADF6-8105-4471-8757-B273624C0629}.AppStore|Any CPU.ActiveCfg = Debug|Any CPU
		{8737ADF6-8105-4471-8757-B273624C0629}.AppStore|Any CPU.Build.0 = Debug|Any CPU
		{8737ADF6-8105-4471-8757-B273624C0629}.AppStore|ARM.ActiveCfg = Debug|Any CPU
		{8737ADF6-8105-4471-8757-B273624C0629}.AppStore|ARM.Build.0 = Debug|Any CPU
		{8737ADF6-8105-4471-8757-B273624C0629}.AppStore|iPhone.ActiveCfg = Debug|Any CPU
		{8737ADF6-8105-4471-8757-B273624C0629}.AppStore|iPhone.Build.0 = Debug|Any CPU
		{8737ADF6-8105-4471-8757-B273624C0629}.AppStore|iPhoneSimulator.ActiveCfg = Debug|Any CPU
		{8737ADF6-8105-4471-8757-B273624C0629}.AppStore|iPhoneSimulator.Build.0 = Debug|Any CPU
		{8737ADF6-8105-4471-8757-B273624C0629}.AppStore|x64.ActiveCfg = Debug|Any CPU
		{8737ADF6-8105-4471-8757-B273624C0629}.AppStore|x64.Build.0 = Debug|Any CPU
		{8737ADF6-8105-4471-8757-B273624C0629}.AppStore|x86.ActiveCfg = Debug|Any CPU
		{8737ADF6-8105-4471-8757-B273624C0629}.AppStore|x86.Build.0 = Debug|Any CPU
		{8737ADF6-8105-4471-8757-B273624C0629}.Debug|Any CPU.ActiveCfg = Debug|Any CPU
		{8737ADF6-8105-4471-8757-B273624C0629}.Debug|Any CPU.Build.0 = Debug|Any CPU
		{8737ADF6-8105-4471-8757-B273624C0629}.Debug|ARM.ActiveCfg = Debug|Any CPU
		{8737ADF6-8105-4471-8757-B273624C0629}.Debug|ARM.Build.0 = Debug|Any CPU
		{8737ADF6-8105-4471-8757-B273624C0629}.Debug|iPhone.ActiveCfg = Debug|Any CPU
		{8737ADF6-8105-4471-8757-B273624C0629}.Debug|iPhone.Build.0 = Debug|Any CPU
		{8737ADF6-8105-4471-8757-B273624C0629}.Debug|iPhoneSimulator.ActiveCfg = Debug|Any CPU
		{8737ADF6-8105-4471-8757-B273624C0629}.Debug|iPhoneSimulator.Build.0 = Debug|Any CPU
		{8737ADF6-8105-4471-8757-B273624C0629}.Debug|x64.ActiveCfg = Debug|Any CPU
		{8737ADF6-8105-4471-8757-B273624C0629}.Debug|x64.Build.0 = Debug|Any CPU
		{8737ADF6-8105-4471-8757-B273624C0629}.Debug|x86.ActiveCfg = Debug|Any CPU
		{8737ADF6-8105-4471-8757-B273624C0629}.Debug|x86.Build.0 = Debug|Any CPU
		{8737ADF6-8105-4471-8757-B273624C0629}.Release|Any CPU.ActiveCfg = Release|Any CPU
		{8737ADF6-8105-4471-8757-B273624C0629}.Release|Any CPU.Build.0 = Release|Any CPU
		{8737ADF6-8105-4471-8757-B273624C0629}.Release|ARM.ActiveCfg = Release|Any CPU
		{8737ADF6-8105-4471-8757-B273624C0629}.Release|ARM.Build.0 = Release|Any CPU
		{8737ADF6-8105-4471-8757-B273624C0629}.Release|iPhone.ActiveCfg = Release|Any CPU
		{8737ADF6-8105-4471-8757-B273624C0629}.Release|iPhone.Build.0 = Release|Any CPU
		{8737ADF6-8105-4471-8757-B273624C0629}.Release|iPhoneSimulator.ActiveCfg = Release|Any CPU
		{8737ADF6-8105-4471-8757-B273624C0629}.Release|iPhoneSimulator.Build.0 = Release|Any CPU
		{8737ADF6-8105-4471-8757-B273624C0629}.Release|x64.ActiveCfg = Release|Any CPU
		{8737ADF6-8105-4471-8757-B273624C0629}.Release|x64.Build.0 = Release|Any CPU
		{8737ADF6-8105-4471-8757-B273624C0629}.Release|x86.ActiveCfg = Release|Any CPU
		{8737ADF6-8105-4471-8757-B273624C0629}.Release|x86.Build.0 = Release|Any CPU
		{40276E37-C552-444A-8A56-009F9EAD7443}.Ad-Hoc|Any CPU.ActiveCfg = Debug|Any CPU
		{40276E37-C552-444A-8A56-009F9EAD7443}.Ad-Hoc|Any CPU.Build.0 = Debug|Any CPU
		{40276E37-C552-444A-8A56-009F9EAD7443}.Ad-Hoc|ARM.ActiveCfg = Debug|Any CPU
		{40276E37-C552-444A-8A56-009F9EAD7443}.Ad-Hoc|ARM.Build.0 = Debug|Any CPU
		{40276E37-C552-444A-8A56-009F9EAD7443}.Ad-Hoc|iPhone.ActiveCfg = Debug|Any CPU
		{40276E37-C552-444A-8A56-009F9EAD7443}.Ad-Hoc|iPhone.Build.0 = Debug|Any CPU
		{40276E37-C552-444A-8A56-009F9EAD7443}.Ad-Hoc|iPhoneSimulator.ActiveCfg = Debug|Any CPU
		{40276E37-C552-444A-8A56-009F9EAD7443}.Ad-Hoc|iPhoneSimulator.Build.0 = Debug|Any CPU
		{40276E37-C552-444A-8A56-009F9EAD7443}.Ad-Hoc|x64.ActiveCfg = Debug|Any CPU
		{40276E37-C552-444A-8A56-009F9EAD7443}.Ad-Hoc|x64.Build.0 = Debug|Any CPU
		{40276E37-C552-444A-8A56-009F9EAD7443}.Ad-Hoc|x86.ActiveCfg = Debug|Any CPU
		{40276E37-C552-444A-8A56-009F9EAD7443}.Ad-Hoc|x86.Build.0 = Debug|Any CPU
		{40276E37-C552-444A-8A56-009F9EAD7443}.AppStore|Any CPU.ActiveCfg = Debug|Any CPU
		{40276E37-C552-444A-8A56-009F9EAD7443}.AppStore|Any CPU.Build.0 = Debug|Any CPU
		{40276E37-C552-444A-8A56-009F9EAD7443}.AppStore|ARM.ActiveCfg = Debug|Any CPU
		{40276E37-C552-444A-8A56-009F9EAD7443}.AppStore|ARM.Build.0 = Debug|Any CPU
		{40276E37-C552-444A-8A56-009F9EAD7443}.AppStore|iPhone.ActiveCfg = Debug|Any CPU
		{40276E37-C552-444A-8A56-009F9EAD7443}.AppStore|iPhone.Build.0 = Debug|Any CPU
		{40276E37-C552-444A-8A56-009F9EAD7443}.AppStore|iPhoneSimulator.ActiveCfg = Debug|Any CPU
		{40276E37-C552-444A-8A56-009F9EAD7443}.AppStore|iPhoneSimulator.Build.0 = Debug|Any CPU
		{40276E37-C552-444A-8A56-009F9EAD7443}.AppStore|x64.ActiveCfg = Debug|Any CPU
		{40276E37-C552-444A-8A56-009F9EAD7443}.AppStore|x64.Build.0 = Debug|Any CPU
		{40276E37-C552-444A-8A56-009F9EAD7443}.AppStore|x86.ActiveCfg = Debug|Any CPU
		{40276E37-C552-444A-8A56-009F9EAD7443}.AppStore|x86.Build.0 = Debug|Any CPU
		{40276E37-C552-444A-8A56-009F9EAD7443}.Debug|Any CPU.ActiveCfg = Debug|Any CPU
		{40276E37-C552-444A-8A56-009F9EAD7443}.Debug|Any CPU.Build.0 = Debug|Any CPU
		{40276E37-C552-444A-8A56-009F9EAD7443}.Debug|ARM.ActiveCfg = Debug|Any CPU
		{40276E37-C552-444A-8A56-009F9EAD7443}.Debug|ARM.Build.0 = Debug|Any CPU
		{40276E37-C552-444A-8A56-009F9EAD7443}.Debug|iPhone.ActiveCfg = Debug|Any CPU
		{40276E37-C552-444A-8A56-009F9EAD7443}.Debug|iPhone.Build.0 = Debug|Any CPU
		{40276E37-C552-444A-8A56-009F9EAD7443}.Debug|iPhoneSimulator.ActiveCfg = Debug|Any CPU
		{40276E37-C552-444A-8A56-009F9EAD7443}.Debug|iPhoneSimulator.Build.0 = Debug|Any CPU
		{40276E37-C552-444A-8A56-009F9EAD7443}.Debug|x64.ActiveCfg = Debug|Any CPU
		{40276E37-C552-444A-8A56-009F9EAD7443}.Debug|x64.Build.0 = Debug|Any CPU
		{40276E37-C552-444A-8A56-009F9EAD7443}.Debug|x86.ActiveCfg = Debug|Any CPU
		{40276E37-C552-444A-8A56-009F9EAD7443}.Debug|x86.Build.0 = Debug|Any CPU
		{40276E37-C552-444A-8A56-009F9EAD7443}.Release|Any CPU.ActiveCfg = Release|Any CPU
		{40276E37-C552-444A-8A56-009F9EAD7443}.Release|Any CPU.Build.0 = Release|Any CPU
		{40276E37-C552-444A-8A56-009F9EAD7443}.Release|ARM.ActiveCfg = Release|Any CPU
		{40276E37-C552-444A-8A56-009F9EAD7443}.Release|ARM.Build.0 = Release|Any CPU
		{40276E37-C552-444A-8A56-009F9EAD7443}.Release|iPhone.ActiveCfg = Release|Any CPU
		{40276E37-C552-444A-8A56-009F9EAD7443}.Release|iPhone.Build.0 = Release|Any CPU
		{40276E37-C552-444A-8A56-009F9EAD7443}.Release|iPhoneSimulator.ActiveCfg = Release|Any CPU
		{40276E37-C552-444A-8A56-009F9EAD7443}.Release|iPhoneSimulator.Build.0 = Release|Any CPU
		{40276E37-C552-444A-8A56-009F9EAD7443}.Release|x64.ActiveCfg = Release|Any CPU
		{40276E37-C552-444A-8A56-009F9EAD7443}.Release|x64.Build.0 = Release|Any CPU
		{40276E37-C552-444A-8A56-009F9EAD7443}.Release|x86.ActiveCfg = Release|Any CPU
		{40276E37-C552-444A-8A56-009F9EAD7443}.Release|x86.Build.0 = Release|Any CPU
		{A5C3F350-D9ED-4D96-846E-2F8A00CB55C6}.Ad-Hoc|Any CPU.ActiveCfg = Debug|Any CPU
		{A5C3F350-D9ED-4D96-846E-2F8A00CB55C6}.Ad-Hoc|Any CPU.Build.0 = Debug|Any CPU
		{A5C3F350-D9ED-4D96-846E-2F8A00CB55C6}.Ad-Hoc|ARM.ActiveCfg = Debug|Any CPU
		{A5C3F350-D9ED-4D96-846E-2F8A00CB55C6}.Ad-Hoc|ARM.Build.0 = Debug|Any CPU
		{A5C3F350-D9ED-4D96-846E-2F8A00CB55C6}.Ad-Hoc|iPhone.ActiveCfg = Debug|Any CPU
		{A5C3F350-D9ED-4D96-846E-2F8A00CB55C6}.Ad-Hoc|iPhone.Build.0 = Debug|Any CPU
		{A5C3F350-D9ED-4D96-846E-2F8A00CB55C6}.Ad-Hoc|iPhoneSimulator.ActiveCfg = Debug|Any CPU
		{A5C3F350-D9ED-4D96-846E-2F8A00CB55C6}.Ad-Hoc|iPhoneSimulator.Build.0 = Debug|Any CPU
		{A5C3F350-D9ED-4D96-846E-2F8A00CB55C6}.Ad-Hoc|x64.ActiveCfg = Debug|Any CPU
		{A5C3F350-D9ED-4D96-846E-2F8A00CB55C6}.Ad-Hoc|x64.Build.0 = Debug|Any CPU
		{A5C3F350-D9ED-4D96-846E-2F8A00CB55C6}.Ad-Hoc|x86.ActiveCfg = Debug|Any CPU
		{A5C3F350-D9ED-4D96-846E-2F8A00CB55C6}.Ad-Hoc|x86.Build.0 = Debug|Any CPU
		{A5C3F350-D9ED-4D96-846E-2F8A00CB55C6}.AppStore|Any CPU.ActiveCfg = Debug|Any CPU
		{A5C3F350-D9ED-4D96-846E-2F8A00CB55C6}.AppStore|Any CPU.Build.0 = Debug|Any CPU
		{A5C3F350-D9ED-4D96-846E-2F8A00CB55C6}.AppStore|ARM.ActiveCfg = Debug|Any CPU
		{A5C3F350-D9ED-4D96-846E-2F8A00CB55C6}.AppStore|ARM.Build.0 = Debug|Any CPU
		{A5C3F350-D9ED-4D96-846E-2F8A00CB55C6}.AppStore|iPhone.ActiveCfg = Debug|Any CPU
		{A5C3F350-D9ED-4D96-846E-2F8A00CB55C6}.AppStore|iPhone.Build.0 = Debug|Any CPU
		{A5C3F350-D9ED-4D96-846E-2F8A00CB55C6}.AppStore|iPhoneSimulator.ActiveCfg = Debug|Any CPU
		{A5C3F350-D9ED-4D96-846E-2F8A00CB55C6}.AppStore|iPhoneSimulator.Build.0 = Debug|Any CPU
		{A5C3F350-D9ED-4D96-846E-2F8A00CB55C6}.AppStore|x64.ActiveCfg = Debug|Any CPU
		{A5C3F350-D9ED-4D96-846E-2F8A00CB55C6}.AppStore|x64.Build.0 = Debug|Any CPU
		{A5C3F350-D9ED-4D96-846E-2F8A00CB55C6}.AppStore|x86.ActiveCfg = Debug|Any CPU
		{A5C3F350-D9ED-4D96-846E-2F8A00CB55C6}.AppStore|x86.Build.0 = Debug|Any CPU
		{A5C3F350-D9ED-4D96-846E-2F8A00CB55C6}.Debug|Any CPU.ActiveCfg = Debug|Any CPU
		{A5C3F350-D9ED-4D96-846E-2F8A00CB55C6}.Debug|Any CPU.Build.0 = Debug|Any CPU
		{A5C3F350-D9ED-4D96-846E-2F8A00CB55C6}.Debug|ARM.ActiveCfg = Debug|Any CPU
		{A5C3F350-D9ED-4D96-846E-2F8A00CB55C6}.Debug|ARM.Build.0 = Debug|Any CPU
		{A5C3F350-D9ED-4D96-846E-2F8A00CB55C6}.Debug|iPhone.ActiveCfg = Debug|Any CPU
		{A5C3F350-D9ED-4D96-846E-2F8A00CB55C6}.Debug|iPhone.Build.0 = Debug|Any CPU
		{A5C3F350-D9ED-4D96-846E-2F8A00CB55C6}.Debug|iPhoneSimulator.ActiveCfg = Debug|Any CPU
		{A5C3F350-D9ED-4D96-846E-2F8A00CB55C6}.Debug|iPhoneSimulator.Build.0 = Debug|Any CPU
		{A5C3F350-D9ED-4D96-846E-2F8A00CB55C6}.Debug|x64.ActiveCfg = Debug|Any CPU
		{A5C3F350-D9ED-4D96-846E-2F8A00CB55C6}.Debug|x64.Build.0 = Debug|Any CPU
		{A5C3F350-D9ED-4D96-846E-2F8A00CB55C6}.Debug|x86.ActiveCfg = Debug|Any CPU
		{A5C3F350-D9ED-4D96-846E-2F8A00CB55C6}.Debug|x86.Build.0 = Debug|Any CPU
		{A5C3F350-D9ED-4D96-846E-2F8A00CB55C6}.Release|Any CPU.ActiveCfg = Release|Any CPU
		{A5C3F350-D9ED-4D96-846E-2F8A00CB55C6}.Release|Any CPU.Build.0 = Release|Any CPU
		{A5C3F350-D9ED-4D96-846E-2F8A00CB55C6}.Release|ARM.ActiveCfg = Release|Any CPU
		{A5C3F350-D9ED-4D96-846E-2F8A00CB55C6}.Release|ARM.Build.0 = Release|Any CPU
		{A5C3F350-D9ED-4D96-846E-2F8A00CB55C6}.Release|iPhone.ActiveCfg = Release|Any CPU
		{A5C3F350-D9ED-4D96-846E-2F8A00CB55C6}.Release|iPhone.Build.0 = Release|Any CPU
		{A5C3F350-D9ED-4D96-846E-2F8A00CB55C6}.Release|iPhoneSimulator.ActiveCfg = Release|Any CPU
		{A5C3F350-D9ED-4D96-846E-2F8A00CB55C6}.Release|iPhoneSimulator.Build.0 = Release|Any CPU
		{A5C3F350-D9ED-4D96-846E-2F8A00CB55C6}.Release|x64.ActiveCfg = Release|Any CPU
		{A5C3F350-D9ED-4D96-846E-2F8A00CB55C6}.Release|x64.Build.0 = Release|Any CPU
		{A5C3F350-D9ED-4D96-846E-2F8A00CB55C6}.Release|x86.ActiveCfg = Release|Any CPU
		{A5C3F350-D9ED-4D96-846E-2F8A00CB55C6}.Release|x86.Build.0 = Release|Any CPU
		{B7E0FC35-DD36-4A76-AE43-5327F16F1016}.Ad-Hoc|Any CPU.ActiveCfg = Debug|Any CPU
		{B7E0FC35-DD36-4A76-AE43-5327F16F1016}.Ad-Hoc|Any CPU.Build.0 = Debug|Any CPU
		{B7E0FC35-DD36-4A76-AE43-5327F16F1016}.Ad-Hoc|ARM.ActiveCfg = Debug|Any CPU
		{B7E0FC35-DD36-4A76-AE43-5327F16F1016}.Ad-Hoc|ARM.Build.0 = Debug|Any CPU
		{B7E0FC35-DD36-4A76-AE43-5327F16F1016}.Ad-Hoc|iPhone.ActiveCfg = Debug|Any CPU
		{B7E0FC35-DD36-4A76-AE43-5327F16F1016}.Ad-Hoc|iPhone.Build.0 = Debug|Any CPU
		{B7E0FC35-DD36-4A76-AE43-5327F16F1016}.Ad-Hoc|iPhoneSimulator.ActiveCfg = Debug|Any CPU
		{B7E0FC35-DD36-4A76-AE43-5327F16F1016}.Ad-Hoc|iPhoneSimulator.Build.0 = Debug|Any CPU
		{B7E0FC35-DD36-4A76-AE43-5327F16F1016}.Ad-Hoc|x64.ActiveCfg = Debug|Any CPU
		{B7E0FC35-DD36-4A76-AE43-5327F16F1016}.Ad-Hoc|x64.Build.0 = Debug|Any CPU
		{B7E0FC35-DD36-4A76-AE43-5327F16F1016}.Ad-Hoc|x86.ActiveCfg = Debug|Any CPU
		{B7E0FC35-DD36-4A76-AE43-5327F16F1016}.Ad-Hoc|x86.Build.0 = Debug|Any CPU
		{B7E0FC35-DD36-4A76-AE43-5327F16F1016}.AppStore|Any CPU.ActiveCfg = Debug|Any CPU
		{B7E0FC35-DD36-4A76-AE43-5327F16F1016}.AppStore|Any CPU.Build.0 = Debug|Any CPU
		{B7E0FC35-DD36-4A76-AE43-5327F16F1016}.AppStore|ARM.ActiveCfg = Debug|Any CPU
		{B7E0FC35-DD36-4A76-AE43-5327F16F1016}.AppStore|ARM.Build.0 = Debug|Any CPU
		{B7E0FC35-DD36-4A76-AE43-5327F16F1016}.AppStore|iPhone.ActiveCfg = Debug|Any CPU
		{B7E0FC35-DD36-4A76-AE43-5327F16F1016}.AppStore|iPhone.Build.0 = Debug|Any CPU
		{B7E0FC35-DD36-4A76-AE43-5327F16F1016}.AppStore|iPhoneSimulator.ActiveCfg = Debug|Any CPU
		{B7E0FC35-DD36-4A76-AE43-5327F16F1016}.AppStore|iPhoneSimulator.Build.0 = Debug|Any CPU
		{B7E0FC35-DD36-4A76-AE43-5327F16F1016}.AppStore|x64.ActiveCfg = Debug|Any CPU
		{B7E0FC35-DD36-4A76-AE43-5327F16F1016}.AppStore|x64.Build.0 = Debug|Any CPU
		{B7E0FC35-DD36-4A76-AE43-5327F16F1016}.AppStore|x86.ActiveCfg = Debug|Any CPU
		{B7E0FC35-DD36-4A76-AE43-5327F16F1016}.AppStore|x86.Build.0 = Debug|Any CPU
		{B7E0FC35-DD36-4A76-AE43-5327F16F1016}.Debug|Any CPU.ActiveCfg = Debug|Any CPU
		{B7E0FC35-DD36-4A76-AE43-5327F16F1016}.Debug|Any CPU.Build.0 = Debug|Any CPU
		{B7E0FC35-DD36-4A76-AE43-5327F16F1016}.Debug|ARM.ActiveCfg = Debug|Any CPU
		{B7E0FC35-DD36-4A76-AE43-5327F16F1016}.Debug|ARM.Build.0 = Debug|Any CPU
		{B7E0FC35-DD36-4A76-AE43-5327F16F1016}.Debug|iPhone.ActiveCfg = Debug|Any CPU
		{B7E0FC35-DD36-4A76-AE43-5327F16F1016}.Debug|iPhone.Build.0 = Debug|Any CPU
		{B7E0FC35-DD36-4A76-AE43-5327F16F1016}.Debug|iPhoneSimulator.ActiveCfg = Debug|Any CPU
		{B7E0FC35-DD36-4A76-AE43-5327F16F1016}.Debug|iPhoneSimulator.Build.0 = Debug|Any CPU
		{B7E0FC35-DD36-4A76-AE43-5327F16F1016}.Debug|x64.ActiveCfg = Debug|Any CPU
		{B7E0FC35-DD36-4A76-AE43-5327F16F1016}.Debug|x64.Build.0 = Debug|Any CPU
		{B7E0FC35-DD36-4A76-AE43-5327F16F1016}.Debug|x86.ActiveCfg = Debug|Any CPU
		{B7E0FC35-DD36-4A76-AE43-5327F16F1016}.Debug|x86.Build.0 = Debug|Any CPU
		{B7E0FC35-DD36-4A76-AE43-5327F16F1016}.Release|Any CPU.ActiveCfg = Release|Any CPU
		{B7E0FC35-DD36-4A76-AE43-5327F16F1016}.Release|Any CPU.Build.0 = Release|Any CPU
		{B7E0FC35-DD36-4A76-AE43-5327F16F1016}.Release|ARM.ActiveCfg = Release|Any CPU
		{B7E0FC35-DD36-4A76-AE43-5327F16F1016}.Release|ARM.Build.0 = Release|Any CPU
		{B7E0FC35-DD36-4A76-AE43-5327F16F1016}.Release|iPhone.ActiveCfg = Release|Any CPU
		{B7E0FC35-DD36-4A76-AE43-5327F16F1016}.Release|iPhone.Build.0 = Release|Any CPU
		{B7E0FC35-DD36-4A76-AE43-5327F16F1016}.Release|iPhoneSimulator.ActiveCfg = Release|Any CPU
		{B7E0FC35-DD36-4A76-AE43-5327F16F1016}.Release|iPhoneSimulator.Build.0 = Release|Any CPU
		{B7E0FC35-DD36-4A76-AE43-5327F16F1016}.Release|x64.ActiveCfg = Release|Any CPU
		{B7E0FC35-DD36-4A76-AE43-5327F16F1016}.Release|x64.Build.0 = Release|Any CPU
		{B7E0FC35-DD36-4A76-AE43-5327F16F1016}.Release|x86.ActiveCfg = Release|Any CPU
		{B7E0FC35-DD36-4A76-AE43-5327F16F1016}.Release|x86.Build.0 = Release|Any CPU
		{8A00BB15-A108-42C9-8C9E-E2A5AA247D9A}.Ad-Hoc|Any CPU.ActiveCfg = Debug|Any CPU
		{8A00BB15-A108-42C9-8C9E-E2A5AA247D9A}.Ad-Hoc|Any CPU.Build.0 = Debug|Any CPU
		{8A00BB15-A108-42C9-8C9E-E2A5AA247D9A}.Ad-Hoc|ARM.ActiveCfg = Debug|Any CPU
		{8A00BB15-A108-42C9-8C9E-E2A5AA247D9A}.Ad-Hoc|ARM.Build.0 = Debug|Any CPU
		{8A00BB15-A108-42C9-8C9E-E2A5AA247D9A}.Ad-Hoc|iPhone.ActiveCfg = Debug|Any CPU
		{8A00BB15-A108-42C9-8C9E-E2A5AA247D9A}.Ad-Hoc|iPhone.Build.0 = Debug|Any CPU
		{8A00BB15-A108-42C9-8C9E-E2A5AA247D9A}.Ad-Hoc|iPhoneSimulator.ActiveCfg = Debug|Any CPU
		{8A00BB15-A108-42C9-8C9E-E2A5AA247D9A}.Ad-Hoc|iPhoneSimulator.Build.0 = Debug|Any CPU
		{8A00BB15-A108-42C9-8C9E-E2A5AA247D9A}.Ad-Hoc|x64.ActiveCfg = Debug|Any CPU
		{8A00BB15-A108-42C9-8C9E-E2A5AA247D9A}.Ad-Hoc|x64.Build.0 = Debug|Any CPU
		{8A00BB15-A108-42C9-8C9E-E2A5AA247D9A}.Ad-Hoc|x86.ActiveCfg = Debug|Any CPU
		{8A00BB15-A108-42C9-8C9E-E2A5AA247D9A}.Ad-Hoc|x86.Build.0 = Debug|Any CPU
		{8A00BB15-A108-42C9-8C9E-E2A5AA247D9A}.AppStore|Any CPU.ActiveCfg = Debug|Any CPU
		{8A00BB15-A108-42C9-8C9E-E2A5AA247D9A}.AppStore|Any CPU.Build.0 = Debug|Any CPU
		{8A00BB15-A108-42C9-8C9E-E2A5AA247D9A}.AppStore|ARM.ActiveCfg = Debug|Any CPU
		{8A00BB15-A108-42C9-8C9E-E2A5AA247D9A}.AppStore|ARM.Build.0 = Debug|Any CPU
		{8A00BB15-A108-42C9-8C9E-E2A5AA247D9A}.AppStore|iPhone.ActiveCfg = Debug|Any CPU
		{8A00BB15-A108-42C9-8C9E-E2A5AA247D9A}.AppStore|iPhone.Build.0 = Debug|Any CPU
		{8A00BB15-A108-42C9-8C9E-E2A5AA247D9A}.AppStore|iPhoneSimulator.ActiveCfg = Debug|Any CPU
		{8A00BB15-A108-42C9-8C9E-E2A5AA247D9A}.AppStore|iPhoneSimulator.Build.0 = Debug|Any CPU
		{8A00BB15-A108-42C9-8C9E-E2A5AA247D9A}.AppStore|x64.ActiveCfg = Debug|Any CPU
		{8A00BB15-A108-42C9-8C9E-E2A5AA247D9A}.AppStore|x64.Build.0 = Debug|Any CPU
		{8A00BB15-A108-42C9-8C9E-E2A5AA247D9A}.AppStore|x86.ActiveCfg = Debug|Any CPU
		{8A00BB15-A108-42C9-8C9E-E2A5AA247D9A}.AppStore|x86.Build.0 = Debug|Any CPU
		{8A00BB15-A108-42C9-8C9E-E2A5AA247D9A}.Debug|Any CPU.ActiveCfg = Debug|Any CPU
		{8A00BB15-A108-42C9-8C9E-E2A5AA247D9A}.Debug|Any CPU.Build.0 = Debug|Any CPU
		{8A00BB15-A108-42C9-8C9E-E2A5AA247D9A}.Debug|ARM.ActiveCfg = Debug|Any CPU
		{8A00BB15-A108-42C9-8C9E-E2A5AA247D9A}.Debug|ARM.Build.0 = Debug|Any CPU
		{8A00BB15-A108-42C9-8C9E-E2A5AA247D9A}.Debug|iPhone.ActiveCfg = Debug|Any CPU
		{8A00BB15-A108-42C9-8C9E-E2A5AA247D9A}.Debug|iPhone.Build.0 = Debug|Any CPU
		{8A00BB15-A108-42C9-8C9E-E2A5AA247D9A}.Debug|iPhoneSimulator.ActiveCfg = Debug|Any CPU
		{8A00BB15-A108-42C9-8C9E-E2A5AA247D9A}.Debug|iPhoneSimulator.Build.0 = Debug|Any CPU
		{8A00BB15-A108-42C9-8C9E-E2A5AA247D9A}.Debug|x64.ActiveCfg = Debug|Any CPU
		{8A00BB15-A108-42C9-8C9E-E2A5AA247D9A}.Debug|x64.Build.0 = Debug|Any CPU
		{8A00BB15-A108-42C9-8C9E-E2A5AA247D9A}.Debug|x86.ActiveCfg = Debug|Any CPU
		{8A00BB15-A108-42C9-8C9E-E2A5AA247D9A}.Debug|x86.Build.0 = Debug|Any CPU
		{8A00BB15-A108-42C9-8C9E-E2A5AA247D9A}.Release|Any CPU.ActiveCfg = Release|Any CPU
		{8A00BB15-A108-42C9-8C9E-E2A5AA247D9A}.Release|Any CPU.Build.0 = Release|Any CPU
		{8A00BB15-A108-42C9-8C9E-E2A5AA247D9A}.Release|ARM.ActiveCfg = Release|Any CPU
		{8A00BB15-A108-42C9-8C9E-E2A5AA247D9A}.Release|ARM.Build.0 = Release|Any CPU
		{8A00BB15-A108-42C9-8C9E-E2A5AA247D9A}.Release|iPhone.ActiveCfg = Release|Any CPU
		{8A00BB15-A108-42C9-8C9E-E2A5AA247D9A}.Release|iPhone.Build.0 = Release|Any CPU
		{8A00BB15-A108-42C9-8C9E-E2A5AA247D9A}.Release|iPhoneSimulator.ActiveCfg = Release|Any CPU
		{8A00BB15-A108-42C9-8C9E-E2A5AA247D9A}.Release|iPhoneSimulator.Build.0 = Release|Any CPU
		{8A00BB15-A108-42C9-8C9E-E2A5AA247D9A}.Release|x64.ActiveCfg = Release|Any CPU
		{8A00BB15-A108-42C9-8C9E-E2A5AA247D9A}.Release|x64.Build.0 = Release|Any CPU
		{8A00BB15-A108-42C9-8C9E-E2A5AA247D9A}.Release|x86.ActiveCfg = Release|Any CPU
		{8A00BB15-A108-42C9-8C9E-E2A5AA247D9A}.Release|x86.Build.0 = Release|Any CPU
		{1FAA8683-A8DA-4EA1-BACF-F3F4BACADDD5}.Ad-Hoc|Any CPU.ActiveCfg = Debug|Any CPU
		{1FAA8683-A8DA-4EA1-BACF-F3F4BACADDD5}.Ad-Hoc|Any CPU.Build.0 = Debug|Any CPU
		{1FAA8683-A8DA-4EA1-BACF-F3F4BACADDD5}.Ad-Hoc|ARM.ActiveCfg = Debug|Any CPU
		{1FAA8683-A8DA-4EA1-BACF-F3F4BACADDD5}.Ad-Hoc|ARM.Build.0 = Debug|Any CPU
		{1FAA8683-A8DA-4EA1-BACF-F3F4BACADDD5}.Ad-Hoc|iPhone.ActiveCfg = Debug|Any CPU
		{1FAA8683-A8DA-4EA1-BACF-F3F4BACADDD5}.Ad-Hoc|iPhone.Build.0 = Debug|Any CPU
		{1FAA8683-A8DA-4EA1-BACF-F3F4BACADDD5}.Ad-Hoc|iPhoneSimulator.ActiveCfg = Debug|Any CPU
		{1FAA8683-A8DA-4EA1-BACF-F3F4BACADDD5}.Ad-Hoc|iPhoneSimulator.Build.0 = Debug|Any CPU
		{1FAA8683-A8DA-4EA1-BACF-F3F4BACADDD5}.Ad-Hoc|x64.ActiveCfg = Debug|Any CPU
		{1FAA8683-A8DA-4EA1-BACF-F3F4BACADDD5}.Ad-Hoc|x64.Build.0 = Debug|Any CPU
		{1FAA8683-A8DA-4EA1-BACF-F3F4BACADDD5}.Ad-Hoc|x86.ActiveCfg = Debug|Any CPU
		{1FAA8683-A8DA-4EA1-BACF-F3F4BACADDD5}.Ad-Hoc|x86.Build.0 = Debug|Any CPU
		{1FAA8683-A8DA-4EA1-BACF-F3F4BACADDD5}.AppStore|Any CPU.ActiveCfg = Debug|Any CPU
		{1FAA8683-A8DA-4EA1-BACF-F3F4BACADDD5}.AppStore|Any CPU.Build.0 = Debug|Any CPU
		{1FAA8683-A8DA-4EA1-BACF-F3F4BACADDD5}.AppStore|ARM.ActiveCfg = Debug|Any CPU
		{1FAA8683-A8DA-4EA1-BACF-F3F4BACADDD5}.AppStore|ARM.Build.0 = Debug|Any CPU
		{1FAA8683-A8DA-4EA1-BACF-F3F4BACADDD5}.AppStore|iPhone.ActiveCfg = Debug|Any CPU
		{1FAA8683-A8DA-4EA1-BACF-F3F4BACADDD5}.AppStore|iPhone.Build.0 = Debug|Any CPU
		{1FAA8683-A8DA-4EA1-BACF-F3F4BACADDD5}.AppStore|iPhoneSimulator.ActiveCfg = Debug|Any CPU
		{1FAA8683-A8DA-4EA1-BACF-F3F4BACADDD5}.AppStore|iPhoneSimulator.Build.0 = Debug|Any CPU
		{1FAA8683-A8DA-4EA1-BACF-F3F4BACADDD5}.AppStore|x64.ActiveCfg = Debug|Any CPU
		{1FAA8683-A8DA-4EA1-BACF-F3F4BACADDD5}.AppStore|x64.Build.0 = Debug|Any CPU
		{1FAA8683-A8DA-4EA1-BACF-F3F4BACADDD5}.AppStore|x86.ActiveCfg = Debug|Any CPU
		{1FAA8683-A8DA-4EA1-BACF-F3F4BACADDD5}.AppStore|x86.Build.0 = Debug|Any CPU
		{1FAA8683-A8DA-4EA1-BACF-F3F4BACADDD5}.Debug|Any CPU.ActiveCfg = Debug|Any CPU
		{1FAA8683-A8DA-4EA1-BACF-F3F4BACADDD5}.Debug|Any CPU.Build.0 = Debug|Any CPU
		{1FAA8683-A8DA-4EA1-BACF-F3F4BACADDD5}.Debug|ARM.ActiveCfg = Debug|Any CPU
		{1FAA8683-A8DA-4EA1-BACF-F3F4BACADDD5}.Debug|ARM.Build.0 = Debug|Any CPU
		{1FAA8683-A8DA-4EA1-BACF-F3F4BACADDD5}.Debug|iPhone.ActiveCfg = Debug|Any CPU
		{1FAA8683-A8DA-4EA1-BACF-F3F4BACADDD5}.Debug|iPhone.Build.0 = Debug|Any CPU
		{1FAA8683-A8DA-4EA1-BACF-F3F4BACADDD5}.Debug|iPhoneSimulator.ActiveCfg = Debug|Any CPU
		{1FAA8683-A8DA-4EA1-BACF-F3F4BACADDD5}.Debug|iPhoneSimulator.Build.0 = Debug|Any CPU
		{1FAA8683-A8DA-4EA1-BACF-F3F4BACADDD5}.Debug|x64.ActiveCfg = Debug|Any CPU
		{1FAA8683-A8DA-4EA1-BACF-F3F4BACADDD5}.Debug|x64.Build.0 = Debug|Any CPU
		{1FAA8683-A8DA-4EA1-BACF-F3F4BACADDD5}.Debug|x86.ActiveCfg = Debug|Any CPU
		{1FAA8683-A8DA-4EA1-BACF-F3F4BACADDD5}.Debug|x86.Build.0 = Debug|Any CPU
		{1FAA8683-A8DA-4EA1-BACF-F3F4BACADDD5}.Release|Any CPU.ActiveCfg = Release|Any CPU
		{1FAA8683-A8DA-4EA1-BACF-F3F4BACADDD5}.Release|Any CPU.Build.0 = Release|Any CPU
		{1FAA8683-A8DA-4EA1-BACF-F3F4BACADDD5}.Release|ARM.ActiveCfg = Release|Any CPU
		{1FAA8683-A8DA-4EA1-BACF-F3F4BACADDD5}.Release|ARM.Build.0 = Release|Any CPU
		{1FAA8683-A8DA-4EA1-BACF-F3F4BACADDD5}.Release|iPhone.ActiveCfg = Release|Any CPU
		{1FAA8683-A8DA-4EA1-BACF-F3F4BACADDD5}.Release|iPhone.Build.0 = Release|Any CPU
		{1FAA8683-A8DA-4EA1-BACF-F3F4BACADDD5}.Release|iPhoneSimulator.ActiveCfg = Release|Any CPU
		{1FAA8683-A8DA-4EA1-BACF-F3F4BACADDD5}.Release|iPhoneSimulator.Build.0 = Release|Any CPU
		{1FAA8683-A8DA-4EA1-BACF-F3F4BACADDD5}.Release|x64.ActiveCfg = Release|Any CPU
		{1FAA8683-A8DA-4EA1-BACF-F3F4BACADDD5}.Release|x64.Build.0 = Release|Any CPU
		{1FAA8683-A8DA-4EA1-BACF-F3F4BACADDD5}.Release|x86.ActiveCfg = Release|Any CPU
		{1FAA8683-A8DA-4EA1-BACF-F3F4BACADDD5}.Release|x86.Build.0 = Release|Any CPU
		{836CF844-935C-42DA-8352-1008EB7B0C87}.Ad-Hoc|Any CPU.ActiveCfg = Debug|Any CPU
		{836CF844-935C-42DA-8352-1008EB7B0C87}.Ad-Hoc|Any CPU.Build.0 = Debug|Any CPU
		{836CF844-935C-42DA-8352-1008EB7B0C87}.Ad-Hoc|ARM.ActiveCfg = Debug|Any CPU
		{836CF844-935C-42DA-8352-1008EB7B0C87}.Ad-Hoc|ARM.Build.0 = Debug|Any CPU
		{836CF844-935C-42DA-8352-1008EB7B0C87}.Ad-Hoc|iPhone.ActiveCfg = Debug|Any CPU
		{836CF844-935C-42DA-8352-1008EB7B0C87}.Ad-Hoc|iPhone.Build.0 = Debug|Any CPU
		{836CF844-935C-42DA-8352-1008EB7B0C87}.Ad-Hoc|iPhoneSimulator.ActiveCfg = Debug|Any CPU
		{836CF844-935C-42DA-8352-1008EB7B0C87}.Ad-Hoc|iPhoneSimulator.Build.0 = Debug|Any CPU
		{836CF844-935C-42DA-8352-1008EB7B0C87}.Ad-Hoc|x64.ActiveCfg = Debug|Any CPU
		{836CF844-935C-42DA-8352-1008EB7B0C87}.Ad-Hoc|x64.Build.0 = Debug|Any CPU
		{836CF844-935C-42DA-8352-1008EB7B0C87}.Ad-Hoc|x86.ActiveCfg = Debug|Any CPU
		{836CF844-935C-42DA-8352-1008EB7B0C87}.Ad-Hoc|x86.Build.0 = Debug|Any CPU
		{836CF844-935C-42DA-8352-1008EB7B0C87}.AppStore|Any CPU.ActiveCfg = Debug|Any CPU
		{836CF844-935C-42DA-8352-1008EB7B0C87}.AppStore|Any CPU.Build.0 = Debug|Any CPU
		{836CF844-935C-42DA-8352-1008EB7B0C87}.AppStore|ARM.ActiveCfg = Debug|Any CPU
		{836CF844-935C-42DA-8352-1008EB7B0C87}.AppStore|ARM.Build.0 = Debug|Any CPU
		{836CF844-935C-42DA-8352-1008EB7B0C87}.AppStore|iPhone.ActiveCfg = Debug|Any CPU
		{836CF844-935C-42DA-8352-1008EB7B0C87}.AppStore|iPhone.Build.0 = Debug|Any CPU
		{836CF844-935C-42DA-8352-1008EB7B0C87}.AppStore|iPhoneSimulator.ActiveCfg = Debug|Any CPU
		{836CF844-935C-42DA-8352-1008EB7B0C87}.AppStore|iPhoneSimulator.Build.0 = Debug|Any CPU
		{836CF844-935C-42DA-8352-1008EB7B0C87}.AppStore|x64.ActiveCfg = Debug|Any CPU
		{836CF844-935C-42DA-8352-1008EB7B0C87}.AppStore|x64.Build.0 = Debug|Any CPU
		{836CF844-935C-42DA-8352-1008EB7B0C87}.AppStore|x86.ActiveCfg = Debug|Any CPU
		{836CF844-935C-42DA-8352-1008EB7B0C87}.AppStore|x86.Build.0 = Debug|Any CPU
		{836CF844-935C-42DA-8352-1008EB7B0C87}.Debug|Any CPU.ActiveCfg = Debug|Any CPU
		{836CF844-935C-42DA-8352-1008EB7B0C87}.Debug|Any CPU.Build.0 = Debug|Any CPU
		{836CF844-935C-42DA-8352-1008EB7B0C87}.Debug|ARM.ActiveCfg = Debug|Any CPU
		{836CF844-935C-42DA-8352-1008EB7B0C87}.Debug|ARM.Build.0 = Debug|Any CPU
		{836CF844-935C-42DA-8352-1008EB7B0C87}.Debug|iPhone.ActiveCfg = Debug|Any CPU
		{836CF844-935C-42DA-8352-1008EB7B0C87}.Debug|iPhone.Build.0 = Debug|Any CPU
		{836CF844-935C-42DA-8352-1008EB7B0C87}.Debug|iPhoneSimulator.ActiveCfg = Debug|Any CPU
		{836CF844-935C-42DA-8352-1008EB7B0C87}.Debug|iPhoneSimulator.Build.0 = Debug|Any CPU
		{836CF844-935C-42DA-8352-1008EB7B0C87}.Debug|x64.ActiveCfg = Debug|Any CPU
		{836CF844-935C-42DA-8352-1008EB7B0C87}.Debug|x64.Build.0 = Debug|Any CPU
		{836CF844-935C-42DA-8352-1008EB7B0C87}.Debug|x86.ActiveCfg = Debug|Any CPU
		{836CF844-935C-42DA-8352-1008EB7B0C87}.Debug|x86.Build.0 = Debug|Any CPU
		{836CF844-935C-42DA-8352-1008EB7B0C87}.Release|Any CPU.ActiveCfg = Release|Any CPU
		{836CF844-935C-42DA-8352-1008EB7B0C87}.Release|Any CPU.Build.0 = Release|Any CPU
		{836CF844-935C-42DA-8352-1008EB7B0C87}.Release|ARM.ActiveCfg = Release|Any CPU
		{836CF844-935C-42DA-8352-1008EB7B0C87}.Release|ARM.Build.0 = Release|Any CPU
		{836CF844-935C-42DA-8352-1008EB7B0C87}.Release|iPhone.ActiveCfg = Release|Any CPU
		{836CF844-935C-42DA-8352-1008EB7B0C87}.Release|iPhone.Build.0 = Release|Any CPU
		{836CF844-935C-42DA-8352-1008EB7B0C87}.Release|iPhoneSimulator.ActiveCfg = Release|Any CPU
		{836CF844-935C-42DA-8352-1008EB7B0C87}.Release|iPhoneSimulator.Build.0 = Release|Any CPU
		{836CF844-935C-42DA-8352-1008EB7B0C87}.Release|x64.ActiveCfg = Release|Any CPU
		{836CF844-935C-42DA-8352-1008EB7B0C87}.Release|x64.Build.0 = Release|Any CPU
		{836CF844-935C-42DA-8352-1008EB7B0C87}.Release|x86.ActiveCfg = Release|Any CPU
		{836CF844-935C-42DA-8352-1008EB7B0C87}.Release|x86.Build.0 = Release|Any CPU
		{16FA5066-8697-4B86-8E95-AF4BBA02B07A}.Ad-Hoc|Any CPU.ActiveCfg = Debug|Any CPU
		{16FA5066-8697-4B86-8E95-AF4BBA02B07A}.Ad-Hoc|Any CPU.Build.0 = Debug|Any CPU
		{16FA5066-8697-4B86-8E95-AF4BBA02B07A}.Ad-Hoc|ARM.ActiveCfg = Debug|Any CPU
		{16FA5066-8697-4B86-8E95-AF4BBA02B07A}.Ad-Hoc|ARM.Build.0 = Debug|Any CPU
		{16FA5066-8697-4B86-8E95-AF4BBA02B07A}.Ad-Hoc|iPhone.ActiveCfg = Debug|Any CPU
		{16FA5066-8697-4B86-8E95-AF4BBA02B07A}.Ad-Hoc|iPhone.Build.0 = Debug|Any CPU
		{16FA5066-8697-4B86-8E95-AF4BBA02B07A}.Ad-Hoc|iPhoneSimulator.ActiveCfg = Debug|Any CPU
		{16FA5066-8697-4B86-8E95-AF4BBA02B07A}.Ad-Hoc|iPhoneSimulator.Build.0 = Debug|Any CPU
		{16FA5066-8697-4B86-8E95-AF4BBA02B07A}.Ad-Hoc|x64.ActiveCfg = Debug|Any CPU
		{16FA5066-8697-4B86-8E95-AF4BBA02B07A}.Ad-Hoc|x64.Build.0 = Debug|Any CPU
		{16FA5066-8697-4B86-8E95-AF4BBA02B07A}.Ad-Hoc|x86.ActiveCfg = Debug|Any CPU
		{16FA5066-8697-4B86-8E95-AF4BBA02B07A}.Ad-Hoc|x86.Build.0 = Debug|Any CPU
		{16FA5066-8697-4B86-8E95-AF4BBA02B07A}.AppStore|Any CPU.ActiveCfg = Debug|Any CPU
		{16FA5066-8697-4B86-8E95-AF4BBA02B07A}.AppStore|Any CPU.Build.0 = Debug|Any CPU
		{16FA5066-8697-4B86-8E95-AF4BBA02B07A}.AppStore|ARM.ActiveCfg = Debug|Any CPU
		{16FA5066-8697-4B86-8E95-AF4BBA02B07A}.AppStore|ARM.Build.0 = Debug|Any CPU
		{16FA5066-8697-4B86-8E95-AF4BBA02B07A}.AppStore|iPhone.ActiveCfg = Debug|Any CPU
		{16FA5066-8697-4B86-8E95-AF4BBA02B07A}.AppStore|iPhone.Build.0 = Debug|Any CPU
		{16FA5066-8697-4B86-8E95-AF4BBA02B07A}.AppStore|iPhoneSimulator.ActiveCfg = Debug|Any CPU
		{16FA5066-8697-4B86-8E95-AF4BBA02B07A}.AppStore|iPhoneSimulator.Build.0 = Debug|Any CPU
		{16FA5066-8697-4B86-8E95-AF4BBA02B07A}.AppStore|x64.ActiveCfg = Debug|Any CPU
		{16FA5066-8697-4B86-8E95-AF4BBA02B07A}.AppStore|x64.Build.0 = Debug|Any CPU
		{16FA5066-8697-4B86-8E95-AF4BBA02B07A}.AppStore|x86.ActiveCfg = Debug|Any CPU
		{16FA5066-8697-4B86-8E95-AF4BBA02B07A}.AppStore|x86.Build.0 = Debug|Any CPU
		{16FA5066-8697-4B86-8E95-AF4BBA02B07A}.Debug|Any CPU.ActiveCfg = Debug|Any CPU
		{16FA5066-8697-4B86-8E95-AF4BBA02B07A}.Debug|Any CPU.Build.0 = Debug|Any CPU
		{16FA5066-8697-4B86-8E95-AF4BBA02B07A}.Debug|ARM.ActiveCfg = Debug|Any CPU
		{16FA5066-8697-4B86-8E95-AF4BBA02B07A}.Debug|ARM.Build.0 = Debug|Any CPU
		{16FA5066-8697-4B86-8E95-AF4BBA02B07A}.Debug|iPhone.ActiveCfg = Debug|Any CPU
		{16FA5066-8697-4B86-8E95-AF4BBA02B07A}.Debug|iPhone.Build.0 = Debug|Any CPU
		{16FA5066-8697-4B86-8E95-AF4BBA02B07A}.Debug|iPhoneSimulator.ActiveCfg = Debug|Any CPU
		{16FA5066-8697-4B86-8E95-AF4BBA02B07A}.Debug|iPhoneSimulator.Build.0 = Debug|Any CPU
		{16FA5066-8697-4B86-8E95-AF4BBA02B07A}.Debug|x64.ActiveCfg = Debug|Any CPU
		{16FA5066-8697-4B86-8E95-AF4BBA02B07A}.Debug|x64.Build.0 = Debug|Any CPU
		{16FA5066-8697-4B86-8E95-AF4BBA02B07A}.Debug|x86.ActiveCfg = Debug|Any CPU
		{16FA5066-8697-4B86-8E95-AF4BBA02B07A}.Debug|x86.Build.0 = Debug|Any CPU
		{16FA5066-8697-4B86-8E95-AF4BBA02B07A}.Release|Any CPU.ActiveCfg = Release|Any CPU
		{16FA5066-8697-4B86-8E95-AF4BBA02B07A}.Release|Any CPU.Build.0 = Release|Any CPU
		{16FA5066-8697-4B86-8E95-AF4BBA02B07A}.Release|ARM.ActiveCfg = Release|Any CPU
		{16FA5066-8697-4B86-8E95-AF4BBA02B07A}.Release|ARM.Build.0 = Release|Any CPU
		{16FA5066-8697-4B86-8E95-AF4BBA02B07A}.Release|iPhone.ActiveCfg = Release|Any CPU
		{16FA5066-8697-4B86-8E95-AF4BBA02B07A}.Release|iPhone.Build.0 = Release|Any CPU
		{16FA5066-8697-4B86-8E95-AF4BBA02B07A}.Release|iPhoneSimulator.ActiveCfg = Release|Any CPU
		{16FA5066-8697-4B86-8E95-AF4BBA02B07A}.Release|iPhoneSimulator.Build.0 = Release|Any CPU
		{16FA5066-8697-4B86-8E95-AF4BBA02B07A}.Release|x64.ActiveCfg = Release|Any CPU
		{16FA5066-8697-4B86-8E95-AF4BBA02B07A}.Release|x64.Build.0 = Release|Any CPU
		{16FA5066-8697-4B86-8E95-AF4BBA02B07A}.Release|x86.ActiveCfg = Release|Any CPU
		{16FA5066-8697-4B86-8E95-AF4BBA02B07A}.Release|x86.Build.0 = Release|Any CPU
		{9FDFCA0A-D503-4488-9F29-97994FC8D836}.Ad-Hoc|Any CPU.ActiveCfg = Debug|Any CPU
		{9FDFCA0A-D503-4488-9F29-97994FC8D836}.Ad-Hoc|Any CPU.Build.0 = Debug|Any CPU
		{9FDFCA0A-D503-4488-9F29-97994FC8D836}.Ad-Hoc|ARM.ActiveCfg = Debug|Any CPU
		{9FDFCA0A-D503-4488-9F29-97994FC8D836}.Ad-Hoc|ARM.Build.0 = Debug|Any CPU
		{9FDFCA0A-D503-4488-9F29-97994FC8D836}.Ad-Hoc|iPhone.ActiveCfg = Debug|Any CPU
		{9FDFCA0A-D503-4488-9F29-97994FC8D836}.Ad-Hoc|iPhone.Build.0 = Debug|Any CPU
		{9FDFCA0A-D503-4488-9F29-97994FC8D836}.Ad-Hoc|iPhoneSimulator.ActiveCfg = Debug|Any CPU
		{9FDFCA0A-D503-4488-9F29-97994FC8D836}.Ad-Hoc|iPhoneSimulator.Build.0 = Debug|Any CPU
		{9FDFCA0A-D503-4488-9F29-97994FC8D836}.Ad-Hoc|x64.ActiveCfg = Debug|Any CPU
		{9FDFCA0A-D503-4488-9F29-97994FC8D836}.Ad-Hoc|x64.Build.0 = Debug|Any CPU
		{9FDFCA0A-D503-4488-9F29-97994FC8D836}.Ad-Hoc|x86.ActiveCfg = Debug|Any CPU
		{9FDFCA0A-D503-4488-9F29-97994FC8D836}.Ad-Hoc|x86.Build.0 = Debug|Any CPU
		{9FDFCA0A-D503-4488-9F29-97994FC8D836}.AppStore|Any CPU.ActiveCfg = Debug|Any CPU
		{9FDFCA0A-D503-4488-9F29-97994FC8D836}.AppStore|Any CPU.Build.0 = Debug|Any CPU
		{9FDFCA0A-D503-4488-9F29-97994FC8D836}.AppStore|ARM.ActiveCfg = Debug|Any CPU
		{9FDFCA0A-D503-4488-9F29-97994FC8D836}.AppStore|ARM.Build.0 = Debug|Any CPU
		{9FDFCA0A-D503-4488-9F29-97994FC8D836}.AppStore|iPhone.ActiveCfg = Debug|Any CPU
		{9FDFCA0A-D503-4488-9F29-97994FC8D836}.AppStore|iPhone.Build.0 = Debug|Any CPU
		{9FDFCA0A-D503-4488-9F29-97994FC8D836}.AppStore|iPhoneSimulator.ActiveCfg = Debug|Any CPU
		{9FDFCA0A-D503-4488-9F29-97994FC8D836}.AppStore|iPhoneSimulator.Build.0 = Debug|Any CPU
		{9FDFCA0A-D503-4488-9F29-97994FC8D836}.AppStore|x64.ActiveCfg = Debug|Any CPU
		{9FDFCA0A-D503-4488-9F29-97994FC8D836}.AppStore|x64.Build.0 = Debug|Any CPU
		{9FDFCA0A-D503-4488-9F29-97994FC8D836}.AppStore|x86.ActiveCfg = Debug|Any CPU
		{9FDFCA0A-D503-4488-9F29-97994FC8D836}.AppStore|x86.Build.0 = Debug|Any CPU
		{9FDFCA0A-D503-4488-9F29-97994FC8D836}.Debug|Any CPU.ActiveCfg = Debug|Any CPU
		{9FDFCA0A-D503-4488-9F29-97994FC8D836}.Debug|Any CPU.Build.0 = Debug|Any CPU
		{9FDFCA0A-D503-4488-9F29-97994FC8D836}.Debug|ARM.ActiveCfg = Debug|Any CPU
		{9FDFCA0A-D503-4488-9F29-97994FC8D836}.Debug|ARM.Build.0 = Debug|Any CPU
		{9FDFCA0A-D503-4488-9F29-97994FC8D836}.Debug|iPhone.ActiveCfg = Debug|Any CPU
		{9FDFCA0A-D503-4488-9F29-97994FC8D836}.Debug|iPhone.Build.0 = Debug|Any CPU
		{9FDFCA0A-D503-4488-9F29-97994FC8D836}.Debug|iPhoneSimulator.ActiveCfg = Debug|Any CPU
		{9FDFCA0A-D503-4488-9F29-97994FC8D836}.Debug|iPhoneSimulator.Build.0 = Debug|Any CPU
		{9FDFCA0A-D503-4488-9F29-97994FC8D836}.Debug|x64.ActiveCfg = Debug|Any CPU
		{9FDFCA0A-D503-4488-9F29-97994FC8D836}.Debug|x64.Build.0 = Debug|Any CPU
		{9FDFCA0A-D503-4488-9F29-97994FC8D836}.Debug|x86.ActiveCfg = Debug|Any CPU
		{9FDFCA0A-D503-4488-9F29-97994FC8D836}.Debug|x86.Build.0 = Debug|Any CPU
		{9FDFCA0A-D503-4488-9F29-97994FC8D836}.Release|Any CPU.ActiveCfg = Release|Any CPU
		{9FDFCA0A-D503-4488-9F29-97994FC8D836}.Release|Any CPU.Build.0 = Release|Any CPU
		{9FDFCA0A-D503-4488-9F29-97994FC8D836}.Release|ARM.ActiveCfg = Release|Any CPU
		{9FDFCA0A-D503-4488-9F29-97994FC8D836}.Release|ARM.Build.0 = Release|Any CPU
		{9FDFCA0A-D503-4488-9F29-97994FC8D836}.Release|iPhone.ActiveCfg = Release|Any CPU
		{9FDFCA0A-D503-4488-9F29-97994FC8D836}.Release|iPhone.Build.0 = Release|Any CPU
		{9FDFCA0A-D503-4488-9F29-97994FC8D836}.Release|iPhoneSimulator.ActiveCfg = Release|Any CPU
		{9FDFCA0A-D503-4488-9F29-97994FC8D836}.Release|iPhoneSimulator.Build.0 = Release|Any CPU
		{9FDFCA0A-D503-4488-9F29-97994FC8D836}.Release|x64.ActiveCfg = Release|Any CPU
		{9FDFCA0A-D503-4488-9F29-97994FC8D836}.Release|x64.Build.0 = Release|Any CPU
		{9FDFCA0A-D503-4488-9F29-97994FC8D836}.Release|x86.ActiveCfg = Release|Any CPU
		{9FDFCA0A-D503-4488-9F29-97994FC8D836}.Release|x86.Build.0 = Release|Any CPU
	EndGlobalSection
	GlobalSection(SolutionProperties) = preSolution
		HideSolutionNode = FALSE
	EndGlobalSection
	GlobalSection(NestedProjects) = preSolution
		{7A8EE9B6-1B89-48BC-874F-C44B8C79E0DA} = {A1D6353E-4AEF-48A3-A987-99A8C0843CF5}
		{EDA160AE-7DBA-4365-A4DB-64ECD777C7AA} = {A1D6353E-4AEF-48A3-A987-99A8C0843CF5}
		{FDDCB980-F0BE-4C31-9674-0F387A6C8508} = {A1D6353E-4AEF-48A3-A987-99A8C0843CF5}
		{31378089-44AB-422A-8CD2-0B74739CD5BC} = {A1D6353E-4AEF-48A3-A987-99A8C0843CF5}
		{A71B6498-BEF3-4974-9D18-CD5474833C54} = {A59E4B18-67C7-405D-85AB-DC39BB61301B}
		{8E6404E6-E788-44D8-9769-602644AC7920} = {A59E4B18-67C7-405D-85AB-DC39BB61301B}
		{8737ADF6-8105-4471-8757-B273624C0629} = {A59E4B18-67C7-405D-85AB-DC39BB61301B}
		{40276E37-C552-444A-8A56-009F9EAD7443} = {A59E4B18-67C7-405D-85AB-DC39BB61301B}
		{A5C3F350-D9ED-4D96-846E-2F8A00CB55C6} = {A59E4B18-67C7-405D-85AB-DC39BB61301B}
		{B7E0FC35-DD36-4A76-AE43-5327F16F1016} = {F828ED6E-E85F-4B6E-A838-C91A5DF2212D}
		{AD2974D8-E997-493F-9C99-CF9D40676CAE} = {6C363055-59BC-4609-B61A-6D79AB193F41}
		{89AECFAF-AE5A-40F0-AF7F-AF4D754980BE} = {6C363055-59BC-4609-B61A-6D79AB193F41}
		{8A00BB15-A108-42C9-8C9E-E2A5AA247D9A} = {F828ED6E-E85F-4B6E-A838-C91A5DF2212D}
		{1FAA8683-A8DA-4EA1-BACF-F3F4BACADDD5} = {AD2974D8-E997-493F-9C99-CF9D40676CAE}
		{836CF844-935C-42DA-8352-1008EB7B0C87} = {A59E4B18-67C7-405D-85AB-DC39BB61301B}
		{16FA5066-8697-4B86-8E95-AF4BBA02B07A} = {161C2CCB-E62B-4A69-8435-6C087BDAB683}
		{9FDFCA0A-D503-4488-9F29-97994FC8D836} = {161C2CCB-E62B-4A69-8435-6C087BDAB683}
	EndGlobalSection
	GlobalSection(ExtensibilityGlobals) = postSolution
		SolutionGuid = {4036666B-D481-424C-B7DA-3E042A386A5D}
	EndGlobalSection
EndGlobal
